
Microsoft Visual Studio Solution File, Format Version 11.00
# Visual Studio 2010
Project("{FAE04EC0-301F-11D3-BF4B-00C04F79EFBC}") = "Makarov.FlowchartBuilder", "Makarov.FlowchartBuilder\Makarov.FlowchartBuilder.csproj", "{65DA593A-94D5-4DD2-819D-3D338F7B95EE}"
EndProject
Project("{FAE04EC0-301F-11D3-BF4B-00C04F79EFBC}") = "Makarov.FlowchartBuilder.API", "Makarov.FlowchartBuilder.API\Makarov.FlowchartBuilder.API.csproj", "{7FCF48E1-36C1-45A8-9DA6-2E754B996050}"
EndProject
Project("{FAE04EC0-301F-11D3-BF4B-00C04F79EFBC}") = "Makarov.FlowchartBuilder.Box", "Makarov.FlowchartBuilder.Box\Makarov.FlowchartBuilder.Box.csproj", "{FC223F20-BD9E-43BC-B893-4DB4936901E7}"
EndProject
Project("{FAE04EC0-301F-11D3-BF4B-00C04F79EFBC}") = "Makarov.FlowchartBuilder.Glyphs.Containers", "Makarov.FlowchartBuilder.Glyphs.Containers\Makarov.FlowchartBuilder.Glyphs.Containers.csproj", "{2D7812CF-39F7-4D13-9DE3-CE32E4A2C70F}"
EndProject
Project("{FAE04EC0-301F-11D3-BF4B-00C04F79EFBC}") = "Makarov.FlowchartBuilder.Glyphs.Flowchart", "Makarov.FlowchartBuilder.Glyphs.Flowchart\Makarov.FlowchartBuilder.Glyphs.Flowchart.csproj", "{5D628DFB-CCC1-4DEC-9465-DAD5D64AD19E}"
EndProject
Project("{FAE04EC0-301F-11D3-BF4B-00C04F79EFBC}") = "Makarov.FlowchartBuilder.Glyphs.Shapes", "Makarov.FlowchartBuilder.Glyphs.Shapes\Makarov.FlowchartBuilder.Glyphs.Shapes.csproj", "{03B0F7CA-5F5F-45E2-BF02-A5ED5ED6BEDC}"
EndProject
Project("{FAE04EC0-301F-11D3-BF4B-00C04F79EFBC}") = "Makarov.FlowchartBuilder.Glyphs.Simple", "Makarov.FlowchartBuilder.Glyphs.Simple\Makarov.FlowchartBuilder.Glyphs.Simple.csproj", "{8AC3A206-EC4B-40EB-9398-19D8B6047F11}"
EndProject
Project("{FAE04EC0-301F-11D3-BF4B-00C04F79EFBC}") = "Makarov.FlowchartBuilder.Sheets.Ansi", "Makarov.FlowchartBuilder.Sheets.Ansi\Makarov.FlowchartBuilder.Sheets.Ansi.csproj", "{7DE301B9-E626-4851-BD64-527B9EC143BB}"
EndProject
Project("{FAE04EC0-301F-11D3-BF4B-00C04F79EFBC}") = "Makarov.FlowchartBuilder.Sheets.Iso", "Makarov.FlowchartBuilder.Sheets.Iso\Makarov.FlowchartBuilder.Sheets.Iso.csproj", "{683C3349-F8F4-49F4-9109-CD5D0D241312}"
EndProject
Project("{FAE04EC0-301F-11D3-BF4B-00C04F79EFBC}") = "Makarov.FlowchartBuilder.Sheets.Other", "Makarov.FlowchartBuilder.Sheets.Other\Makarov.FlowchartBuilder.Sheets.Other.csproj", "{92DB27E7-B387-4222-9C37-9310E0E75749}"
EndProject
Project("{FAE04EC0-301F-11D3-BF4B-00C04F79EFBC}") = "Makarov.Framework.Collections", "Makarov.Framework.Collections\Makarov.Framework.Collections.csproj", "{EC766392-0818-4EAB-8C32-124DD6117932}"
EndProject
Project("{FAE04EC0-301F-11D3-BF4B-00C04F79EFBC}") = "Makarov.Framework.Components", "Makarov.Framework.Components\Makarov.Framework.Components.csproj", "{25C9D046-7DD9-4996-8CCD-41BF7B08B0AD}"
EndProject
Project("{FAE04EC0-301F-11D3-BF4B-00C04F79EFBC}") = "Makarov.Framework.Core", "Makarov.Framework.Core\Makarov.Framework.Core.csproj", "{BF0B57AE-9EAB-4206-BF30-12AB352C87B3}"
EndProject
Project("{FAE04EC0-301F-11D3-BF4B-00C04F79EFBC}") = "Makarov.Framework.Graphics", "Makarov.Framework.Graphics\Makarov.Framework.Graphics.csproj", "{753D2CE5-7041-49E1-9A94-907B27435EB6}"
EndProject
Project("{FAE04EC0-301F-11D3-BF4B-00C04F79EFBC}") = "Makarov.Framework.Instance", "Makarov.Framework.Instance\Makarov.Framework.Instance.csproj", "{89141861-AB09-48B2-B7F4-54E64BC74D57}"
EndProject
Project("{FAE04EC0-301F-11D3-BF4B-00C04F79EFBC}") = "Makarov.Framework.Math", "Makarov.Framework.Math\Makarov.Framework.Math.csproj", "{69A9BB26-59EB-4F7D-BE8E-CBD6D83FBD34}"
EndProject
Project("{FAE04EC0-301F-11D3-BF4B-00C04F79EFBC}") = "Makarov.Framework.Serialization", "Makarov.Framework.Serialization\Makarov.Framework.Serialization.csproj", "{DD58B691-D561-4588-8D9F-9384845925D4}"
EndProject
Project("{FAE04EC0-301F-11D3-BF4B-00C04F79EFBC}") = "Makarov.Framework.VersionUpdater", "Makarov.Framework.VersionUpdater\Makarov.Framework.VersionUpdater.csproj", "{77DCBB42-8F08-4275-BFE2-0921CF49EF87}"
EndProject
Project("{2150E333-8FDC-42A3-9474-1A3956D46DE8}") = "Glyphs", "Glyphs", "{038AF398-7DE9-4A8F-861C-F4205702744C}"
EndProject
Project("{2150E333-8FDC-42A3-9474-1A3956D46DE8}") = "Sheets", "Sheets", "{FDED5D11-0691-4CD4-900F-DBCC0192AC33}"
EndProject
Project("{2150E333-8FDC-42A3-9474-1A3956D46DE8}") = "Framework", "Framework", "{84607523-E454-48C7-9CF2-B18DDF34DB7C}"
EndProject
Global
	GlobalSection(SolutionConfigurationPlatforms) = preSolution
		Bulldozer (Debug)|Any CPU = Bulldozer (Debug)|Any CPU
		Bulldozer (Debug)|Mixed Platforms = Bulldozer (Debug)|Mixed Platforms
		Bulldozer (Debug)|x86 = Bulldozer (Debug)|x86
		Bulldozer (Release)|Any CPU = Bulldozer (Release)|Any CPU
		Bulldozer (Release)|Mixed Platforms = Bulldozer (Release)|Mixed Platforms
		Bulldozer (Release)|x86 = Bulldozer (Release)|x86
		Debug|Any CPU = Debug|Any CPU
		Debug|Mixed Platforms = Debug|Mixed Platforms
		Debug|x86 = Debug|x86
		FlowchartBuilder (Debug)|Any CPU = FlowchartBuilder (Debug)|Any CPU
		FlowchartBuilder (Debug)|Mixed Platforms = FlowchartBuilder (Debug)|Mixed Platforms
		FlowchartBuilder (Debug)|x86 = FlowchartBuilder (Debug)|x86
		FlowchartBuilder (Release)|Any CPU = FlowchartBuilder (Release)|Any CPU
		FlowchartBuilder (Release)|Mixed Platforms = FlowchartBuilder (Release)|Mixed Platforms
		FlowchartBuilder (Release)|x86 = FlowchartBuilder (Release)|x86
		Release|Any CPU = Release|Any CPU
		Release|Mixed Platforms = Release|Mixed Platforms
		Release|x86 = Release|x86
	EndGlobalSection
	GlobalSection(ProjectConfigurationPlatforms) = postSolution
		{65DA593A-94D5-4DD2-819D-3D338F7B95EE}.Bulldozer (Debug)|Any CPU.ActiveCfg = Bulldozer (Debug)|Any CPU
		{65DA593A-94D5-4DD2-819D-3D338F7B95EE}.Bulldozer (Debug)|Any CPU.Build.0 = Bulldozer (Debug)|Any CPU
		{65DA593A-94D5-4DD2-819D-3D338F7B95EE}.Bulldozer (Debug)|Mixed Platforms.ActiveCfg = Bulldozer (Debug)|Any CPU
		{65DA593A-94D5-4DD2-819D-3D338F7B95EE}.Bulldozer (Debug)|Mixed Platforms.Build.0 = Bulldozer (Debug)|Any CPU
		{65DA593A-94D5-4DD2-819D-3D338F7B95EE}.Bulldozer (Debug)|x86.ActiveCfg = Bulldozer (Debug)|Any CPU
		{65DA593A-94D5-4DD2-819D-3D338F7B95EE}.Bulldozer (Release)|Any CPU.ActiveCfg = Bulldozer (Release)|Any CPU
		{65DA593A-94D5-4DD2-819D-3D338F7B95EE}.Bulldozer (Release)|Any CPU.Build.0 = Bulldozer (Release)|Any CPU
		{65DA593A-94D5-4DD2-819D-3D338F7B95EE}.Bulldozer (Release)|Mixed Platforms.ActiveCfg = Bulldozer (Release)|Any CPU
		{65DA593A-94D5-4DD2-819D-3D338F7B95EE}.Bulldozer (Release)|Mixed Platforms.Build.0 = Bulldozer (Release)|Any CPU
		{65DA593A-94D5-4DD2-819D-3D338F7B95EE}.Bulldozer (Release)|x86.ActiveCfg = Bulldozer (Release)|Any CPU
		{65DA593A-94D5-4DD2-819D-3D338F7B95EE}.Debug|Any CPU.ActiveCfg = Debug|Any CPU
		{65DA593A-94D5-4DD2-819D-3D338F7B95EE}.Debug|Any CPU.Build.0 = Debug|Any CPU
		{65DA593A-94D5-4DD2-819D-3D338F7B95EE}.Debug|Mixed Platforms.ActiveCfg = Debug|Any CPU
		{65DA593A-94D5-4DD2-819D-3D338F7B95EE}.Debug|Mixed Platforms.Build.0 = Debug|Any CPU
		{65DA593A-94D5-4DD2-819D-3D338F7B95EE}.Debug|x86.ActiveCfg = Debug|Any CPU
		{65DA593A-94D5-4DD2-819D-3D338F7B95EE}.FlowchartBuilder (Debug)|Any CPU.ActiveCfg = FlowchartBuilder (Debug)|Any CPU
		{65DA593A-94D5-4DD2-819D-3D338F7B95EE}.FlowchartBuilder (Debug)|Any CPU.Build.0 = FlowchartBuilder (Debug)|Any CPU
		{65DA593A-94D5-4DD2-819D-3D338F7B95EE}.FlowchartBuilder (Debug)|Mixed Platforms.ActiveCfg = FlowchartBuilder (Debug)|Any CPU
		{65DA593A-94D5-4DD2-819D-3D338F7B95EE}.FlowchartBuilder (Debug)|Mixed Platforms.Build.0 = FlowchartBuilder (Debug)|Any CPU
		{65DA593A-94D5-4DD2-819D-3D338F7B95EE}.FlowchartBuilder (Debug)|x86.ActiveCfg = FlowchartBuilder (Debug)|Any CPU
		{65DA593A-94D5-4DD2-819D-3D338F7B95EE}.FlowchartBuilder (Release)|Any CPU.ActiveCfg = FlowchartBuilder (Release)|Any CPU
		{65DA593A-94D5-4DD2-819D-3D338F7B95EE}.FlowchartBuilder (Release)|Any CPU.Build.0 = FlowchartBuilder (Release)|Any CPU
		{65DA593A-94D5-4DD2-819D-3D338F7B95EE}.FlowchartBuilder (Release)|Mixed Platforms.ActiveCfg = FlowchartBuilder (Release)|Any CPU
		{65DA593A-94D5-4DD2-819D-3D338F7B95EE}.FlowchartBuilder (Release)|Mixed Platforms.Build.0 = FlowchartBuilder (Release)|Any CPU
		{65DA593A-94D5-4DD2-819D-3D338F7B95EE}.FlowchartBuilder (Release)|x86.ActiveCfg = FlowchartBuilder (Release)|Any CPU
		{65DA593A-94D5-4DD2-819D-3D338F7B95EE}.Release|Any CPU.ActiveCfg = Release|Any CPU
		{65DA593A-94D5-4DD2-819D-3D338F7B95EE}.Release|Any CPU.Build.0 = Release|Any CPU
		{65DA593A-94D5-4DD2-819D-3D338F7B95EE}.Release|Mixed Platforms.ActiveCfg = Release|Any CPU
		{65DA593A-94D5-4DD2-819D-3D338F7B95EE}.Release|Mixed Platforms.Build.0 = Release|Any CPU
		{65DA593A-94D5-4DD2-819D-3D338F7B95EE}.Release|x86.ActiveCfg = Release|Any CPU
		{7FCF48E1-36C1-45A8-9DA6-2E754B996050}.Bulldozer (Debug)|Any CPU.ActiveCfg = Debug|Any CPU
		{7FCF48E1-36C1-45A8-9DA6-2E754B996050}.Bulldozer (Debug)|Any CPU.Build.0 = Debug|Any CPU
		{7FCF48E1-36C1-45A8-9DA6-2E754B996050}.Bulldozer (Debug)|Mixed Platforms.ActiveCfg = Debug|Any CPU
		{7FCF48E1-36C1-45A8-9DA6-2E754B996050}.Bulldozer (Debug)|Mixed Platforms.Build.0 = Debug|Any CPU
		{7FCF48E1-36C1-45A8-9DA6-2E754B996050}.Bulldozer (Debug)|x86.ActiveCfg = Debug|Any CPU
		{7FCF48E1-36C1-45A8-9DA6-2E754B996050}.Bulldozer (Release)|Any CPU.ActiveCfg = Release|Any CPU
		{7FCF48E1-36C1-45A8-9DA6-2E754B996050}.Bulldozer (Release)|Any CPU.Build.0 = Release|Any CPU
		{7FCF48E1-36C1-45A8-9DA6-2E754B996050}.Bulldozer (Release)|Mixed Platforms.ActiveCfg = Release|Any CPU
		{7FCF48E1-36C1-45A8-9DA6-2E754B996050}.Bulldozer (Release)|Mixed Platforms.Build.0 = Release|Any CPU
		{7FCF48E1-36C1-45A8-9DA6-2E754B996050}.Bulldozer (Release)|x86.ActiveCfg = Release|Any CPU
		{7FCF48E1-36C1-45A8-9DA6-2E754B996050}.Debug|Any CPU.ActiveCfg = Debug|Any CPU
		{7FCF48E1-36C1-45A8-9DA6-2E754B996050}.Debug|Any CPU.Build.0 = Debug|Any CPU
		{7FCF48E1-36C1-45A8-9DA6-2E754B996050}.Debug|Mixed Platforms.ActiveCfg = Debug|Any CPU
		{7FCF48E1-36C1-45A8-9DA6-2E754B996050}.Debug|Mixed Platforms.Build.0 = Debug|Any CPU
		{7FCF48E1-36C1-45A8-9DA6-2E754B996050}.Debug|x86.ActiveCfg = Debug|Any CPU
		{7FCF48E1-36C1-45A8-9DA6-2E754B996050}.FlowchartBuilder (Debug)|Any CPU.ActiveCfg = Debug|Any CPU
		{7FCF48E1-36C1-45A8-9DA6-2E754B996050}.FlowchartBuilder (Debug)|Any CPU.Build.0 = Debug|Any CPU
		{7FCF48E1-36C1-45A8-9DA6-2E754B996050}.FlowchartBuilder (Debug)|Mixed Platforms.ActiveCfg = Debug|Any CPU
		{7FCF48E1-36C1-45A8-9DA6-2E754B996050}.FlowchartBuilder (Debug)|Mixed Platforms.Build.0 = Debug|Any CPU
		{7FCF48E1-36C1-45A8-9DA6-2E754B996050}.FlowchartBuilder (Debug)|x86.ActiveCfg = Debug|Any CPU
		{7FCF48E1-36C1-45A8-9DA6-2E754B996050}.FlowchartBuilder (Release)|Any CPU.ActiveCfg = Release|Any CPU
		{7FCF48E1-36C1-45A8-9DA6-2E754B996050}.FlowchartBuilder (Release)|Any CPU.Build.0 = Release|Any CPU
		{7FCF48E1-36C1-45A8-9DA6-2E754B996050}.FlowchartBuilder (Release)|Mixed Platforms.ActiveCfg = Release|Any CPU
		{7FCF48E1-36C1-45A8-9DA6-2E754B996050}.FlowchartBuilder (Release)|Mixed Platforms.Build.0 = Release|Any CPU
		{7FCF48E1-36C1-45A8-9DA6-2E754B996050}.FlowchartBuilder (Release)|x86.ActiveCfg = Release|Any CPU
		{7FCF48E1-36C1-45A8-9DA6-2E754B996050}.Release|Any CPU.ActiveCfg = Release|Any CPU
		{7FCF48E1-36C1-45A8-9DA6-2E754B996050}.Release|Any CPU.Build.0 = Release|Any CPU
		{7FCF48E1-36C1-45A8-9DA6-2E754B996050}.Release|Mixed Platforms.ActiveCfg = Release|Any CPU
		{7FCF48E1-36C1-45A8-9DA6-2E754B996050}.Release|Mixed Platforms.Build.0 = Release|Any CPU
		{7FCF48E1-36C1-45A8-9DA6-2E754B996050}.Release|x86.ActiveCfg = Release|Any CPU
		{FC223F20-BD9E-43BC-B893-4DB4936901E7}.Bulldozer (Debug)|Any CPU.ActiveCfg = Debug|Any CPU
		{FC223F20-BD9E-43BC-B893-4DB4936901E7}.Bulldozer (Debug)|Any CPU.Build.0 = Debug|Any CPU
		{FC223F20-BD9E-43BC-B893-4DB4936901E7}.Bulldozer (Debug)|Mixed Platforms.ActiveCfg = Debug|Any CPU
		{FC223F20-BD9E-43BC-B893-4DB4936901E7}.Bulldozer (Debug)|Mixed Platforms.Build.0 = Debug|Any CPU
		{FC223F20-BD9E-43BC-B893-4DB4936901E7}.Bulldozer (Debug)|x86.ActiveCfg = Debug|Any CPU
		{FC223F20-BD9E-43BC-B893-4DB4936901E7}.Bulldozer (Release)|Any CPU.ActiveCfg = Release|Any CPU
		{FC223F20-BD9E-43BC-B893-4DB4936901E7}.Bulldozer (Release)|Any CPU.Build.0 = Release|Any CPU
		{FC223F20-BD9E-43BC-B893-4DB4936901E7}.Bulldozer (Release)|Mixed Platforms.ActiveCfg = Release|Any CPU
		{FC223F20-BD9E-43BC-B893-4DB4936901E7}.Bulldozer (Release)|Mixed Platforms.Build.0 = Release|Any CPU
		{FC223F20-BD9E-43BC-B893-4DB4936901E7}.Bulldozer (Release)|x86.ActiveCfg = Release|Any CPU
		{FC223F20-BD9E-43BC-B893-4DB4936901E7}.Debug|Any CPU.ActiveCfg = Debug|Any CPU
		{FC223F20-BD9E-43BC-B893-4DB4936901E7}.Debug|Any CPU.Build.0 = Debug|Any CPU
		{FC223F20-BD9E-43BC-B893-4DB4936901E7}.Debug|Mixed Platforms.ActiveCfg = Debug|Any CPU
		{FC223F20-BD9E-43BC-B893-4DB4936901E7}.Debug|Mixed Platforms.Build.0 = Debug|Any CPU
		{FC223F20-BD9E-43BC-B893-4DB4936901E7}.Debug|x86.ActiveCfg = Debug|Any CPU
		{FC223F20-BD9E-43BC-B893-4DB4936901E7}.FlowchartBuilder (Debug)|Any CPU.ActiveCfg = Debug|Any CPU
		{FC223F20-BD9E-43BC-B893-4DB4936901E7}.FlowchartBuilder (Debug)|Any CPU.Build.0 = Debug|Any CPU
		{FC223F20-BD9E-43BC-B893-4DB4936901E7}.FlowchartBuilder (Debug)|Mixed Platforms.ActiveCfg = Debug|Any CPU
		{FC223F20-BD9E-43BC-B893-4DB4936901E7}.FlowchartBuilder (Debug)|Mixed Platforms.Build.0 = Debug|Any CPU
		{FC223F20-BD9E-43BC-B893-4DB4936901E7}.FlowchartBuilder (Debug)|x86.ActiveCfg = Debug|Any CPU
		{FC223F20-BD9E-43BC-B893-4DB4936901E7}.FlowchartBuilder (Release)|Any CPU.ActiveCfg = Release|Any CPU
		{FC223F20-BD9E-43BC-B893-4DB4936901E7}.FlowchartBuilder (Release)|Any CPU.Build.0 = Release|Any CPU
		{FC223F20-BD9E-43BC-B893-4DB4936901E7}.FlowchartBuilder (Release)|Mixed Platforms.ActiveCfg = Release|Any CPU
		{FC223F20-BD9E-43BC-B893-4DB4936901E7}.FlowchartBuilder (Release)|Mixed Platforms.Build.0 = Release|Any CPU
		{FC223F20-BD9E-43BC-B893-4DB4936901E7}.FlowchartBuilder (Release)|x86.ActiveCfg = Release|Any CPU
		{FC223F20-BD9E-43BC-B893-4DB4936901E7}.Release|Any CPU.ActiveCfg = Release|Any CPU
		{FC223F20-BD9E-43BC-B893-4DB4936901E7}.Release|Any CPU.Build.0 = Release|Any CPU
		{FC223F20-BD9E-43BC-B893-4DB4936901E7}.Release|Mixed Platforms.ActiveCfg = Release|Any CPU
		{FC223F20-BD9E-43BC-B893-4DB4936901E7}.Release|Mixed Platforms.Build.0 = Release|Any CPU
		{FC223F20-BD9E-43BC-B893-4DB4936901E7}.Release|x86.ActiveCfg = Release|Any CPU
		{2D7812CF-39F7-4D13-9DE3-CE32E4A2C70F}.Bulldozer (Debug)|Any CPU.ActiveCfg = Debug|Any CPU
		{2D7812CF-39F7-4D13-9DE3-CE32E4A2C70F}.Bulldozer (Debug)|Any CPU.Build.0 = Debug|Any CPU
		{2D7812CF-39F7-4D13-9DE3-CE32E4A2C70F}.Bulldozer (Debug)|Mixed Platforms.ActiveCfg = Debug|Any CPU
		{2D7812CF-39F7-4D13-9DE3-CE32E4A2C70F}.Bulldozer (Debug)|Mixed Platforms.Build.0 = Debug|Any CPU
		{2D7812CF-39F7-4D13-9DE3-CE32E4A2C70F}.Bulldozer (Debug)|x86.ActiveCfg = Debug|Any CPU
		{2D7812CF-39F7-4D13-9DE3-CE32E4A2C70F}.Bulldozer (Release)|Any CPU.ActiveCfg = Release|Any CPU
		{2D7812CF-39F7-4D13-9DE3-CE32E4A2C70F}.Bulldozer (Release)|Any CPU.Build.0 = Release|Any CPU
		{2D7812CF-39F7-4D13-9DE3-CE32E4A2C70F}.Bulldozer (Release)|Mixed Platforms.ActiveCfg = Release|Any CPU
		{2D7812CF-39F7-4D13-9DE3-CE32E4A2C70F}.Bulldozer (Release)|Mixed Platforms.Build.0 = Release|Any CPU
		{2D7812CF-39F7-4D13-9DE3-CE32E4A2C70F}.Bulldozer (Release)|x86.ActiveCfg = Release|Any CPU
		{2D7812CF-39F7-4D13-9DE3-CE32E4A2C70F}.Debug|Any CPU.ActiveCfg = Debug|Any CPU
		{2D7812CF-39F7-4D13-9DE3-CE32E4A2C70F}.Debug|Any CPU.Build.0 = Debug|Any CPU
		{2D7812CF-39F7-4D13-9DE3-CE32E4A2C70F}.Debug|Mixed Platforms.ActiveCfg = Debug|Any CPU
		{2D7812CF-39F7-4D13-9DE3-CE32E4A2C70F}.Debug|Mixed Platforms.Build.0 = Debug|Any CPU
		{2D7812CF-39F7-4D13-9DE3-CE32E4A2C70F}.Debug|x86.ActiveCfg = Debug|Any CPU
		{2D7812CF-39F7-4D13-9DE3-CE32E4A2C70F}.FlowchartBuilder (Debug)|Any CPU.ActiveCfg = Debug|Any CPU
		{2D7812CF-39F7-4D13-9DE3-CE32E4A2C70F}.FlowchartBuilder (Debug)|Any CPU.Build.0 = Debug|Any CPU
		{2D7812CF-39F7-4D13-9DE3-CE32E4A2C70F}.FlowchartBuilder (Debug)|Mixed Platforms.ActiveCfg = Debug|Any CPU
		{2D7812CF-39F7-4D13-9DE3-CE32E4A2C70F}.FlowchartBuilder (Debug)|Mixed Platforms.Build.0 = Debug|Any CPU
		{2D7812CF-39F7-4D13-9DE3-CE32E4A2C70F}.FlowchartBuilder (Debug)|x86.ActiveCfg = Debug|Any CPU
		{2D7812CF-39F7-4D13-9DE3-CE32E4A2C70F}.FlowchartBuilder (Release)|Any CPU.ActiveCfg = Release|Any CPU
		{2D7812CF-39F7-4D13-9DE3-CE32E4A2C70F}.FlowchartBuilder (Release)|Any CPU.Build.0 = Release|Any CPU
		{2D7812CF-39F7-4D13-9DE3-CE32E4A2C70F}.FlowchartBuilder (Release)|Mixed Platforms.ActiveCfg = Release|Any CPU
		{2D7812CF-39F7-4D13-9DE3-CE32E4A2C70F}.FlowchartBuilder (Release)|Mixed Platforms.Build.0 = Release|Any CPU
		{2D7812CF-39F7-4D13-9DE3-CE32E4A2C70F}.FlowchartBuilder (Release)|x86.ActiveCfg = Release|Any CPU
		{2D7812CF-39F7-4D13-9DE3-CE32E4A2C70F}.Release|Any CPU.ActiveCfg = Release|Any CPU
		{2D7812CF-39F7-4D13-9DE3-CE32E4A2C70F}.Release|Any CPU.Build.0 = Release|Any CPU
		{2D7812CF-39F7-4D13-9DE3-CE32E4A2C70F}.Release|Mixed Platforms.ActiveCfg = Release|Any CPU
		{2D7812CF-39F7-4D13-9DE3-CE32E4A2C70F}.Release|Mixed Platforms.Build.0 = Release|Any CPU
		{2D7812CF-39F7-4D13-9DE3-CE32E4A2C70F}.Release|x86.ActiveCfg = Release|Any CPU
		{5D628DFB-CCC1-4DEC-9465-DAD5D64AD19E}.Bulldozer (Debug)|Any CPU.ActiveCfg = Debug|Any CPU
		{5D628DFB-CCC1-4DEC-9465-DAD5D64AD19E}.Bulldozer (Debug)|Any CPU.Build.0 = Debug|Any CPU
		{5D628DFB-CCC1-4DEC-9465-DAD5D64AD19E}.Bulldozer (Debug)|Mixed Platforms.ActiveCfg = Debug|Any CPU
		{5D628DFB-CCC1-4DEC-9465-DAD5D64AD19E}.Bulldozer (Debug)|Mixed Platforms.Build.0 = Debug|Any CPU
		{5D628DFB-CCC1-4DEC-9465-DAD5D64AD19E}.Bulldozer (Debug)|x86.ActiveCfg = Debug|Any CPU
		{5D628DFB-CCC1-4DEC-9465-DAD5D64AD19E}.Bulldozer (Release)|Any CPU.ActiveCfg = Release|Any CPU
		{5D628DFB-CCC1-4DEC-9465-DAD5D64AD19E}.Bulldozer (Release)|Any CPU.Build.0 = Release|Any CPU
		{5D628DFB-CCC1-4DEC-9465-DAD5D64AD19E}.Bulldozer (Release)|Mixed Platforms.ActiveCfg = Release|Any CPU
		{5D628DFB-CCC1-4DEC-9465-DAD5D64AD19E}.Bulldozer (Release)|Mixed Platforms.Build.0 = Release|Any CPU
		{5D628DFB-CCC1-4DEC-9465-DAD5D64AD19E}.Bulldozer (Release)|x86.ActiveCfg = Release|Any CPU
		{5D628DFB-CCC1-4DEC-9465-DAD5D64AD19E}.Debug|Any CPU.ActiveCfg = Debug|Any CPU
		{5D628DFB-CCC1-4DEC-9465-DAD5D64AD19E}.Debug|Any CPU.Build.0 = Debug|Any CPU
		{5D628DFB-CCC1-4DEC-9465-DAD5D64AD19E}.Debug|Mixed Platforms.ActiveCfg = Debug|Any CPU
		{5D628DFB-CCC1-4DEC-9465-DAD5D64AD19E}.Debug|Mixed Platforms.Build.0 = Debug|Any CPU
		{5D628DFB-CCC1-4DEC-9465-DAD5D64AD19E}.Debug|x86.ActiveCfg = Debug|Any CPU
		{5D628DFB-CCC1-4DEC-9465-DAD5D64AD19E}.FlowchartBuilder (Debug)|Any CPU.ActiveCfg = Debug|Any CPU
		{5D628DFB-CCC1-4DEC-9465-DAD5D64AD19E}.FlowchartBuilder (Debug)|Any CPU.Build.0 = Debug|Any CPU
		{5D628DFB-CCC1-4DEC-9465-DAD5D64AD19E}.FlowchartBuilder (Debug)|Mixed Platforms.ActiveCfg = Debug|Any CPU
		{5D628DFB-CCC1-4DEC-9465-DAD5D64AD19E}.FlowchartBuilder (Debug)|Mixed Platforms.Build.0 = Debug|Any CPU
		{5D628DFB-CCC1-4DEC-9465-DAD5D64AD19E}.FlowchartBuilder (Debug)|x86.ActiveCfg = Debug|Any CPU
		{5D628DFB-CCC1-4DEC-9465-DAD5D64AD19E}.FlowchartBuilder (Release)|Any CPU.ActiveCfg = Release|Any CPU
		{5D628DFB-CCC1-4DEC-9465-DAD5D64AD19E}.FlowchartBuilder (Release)|Any CPU.Build.0 = Release|Any CPU
		{5D628DFB-CCC1-4DEC-9465-DAD5D64AD19E}.FlowchartBuilder (Release)|Mixed Platforms.ActiveCfg = Release|Any CPU
		{5D628DFB-CCC1-4DEC-9465-DAD5D64AD19E}.FlowchartBuilder (Release)|Mixed Platforms.Build.0 = Release|Any CPU
		{5D628DFB-CCC1-4DEC-9465-DAD5D64AD19E}.FlowchartBuilder (Release)|x86.ActiveCfg = Release|Any CPU
		{5D628DFB-CCC1-4DEC-9465-DAD5D64AD19E}.Release|Any CPU.ActiveCfg = Release|Any CPU
		{5D628DFB-CCC1-4DEC-9465-DAD5D64AD19E}.Release|Any CPU.Build.0 = Release|Any CPU
		{5D628DFB-CCC1-4DEC-9465-DAD5D64AD19E}.Release|Mixed Platforms.ActiveCfg = Release|Any CPU
		{5D628DFB-CCC1-4DEC-9465-DAD5D64AD19E}.Release|Mixed Platforms.Build.0 = Release|Any CPU
		{5D628DFB-CCC1-4DEC-9465-DAD5D64AD19E}.Release|x86.ActiveCfg = Release|Any CPU
		{03B0F7CA-5F5F-45E2-BF02-A5ED5ED6BEDC}.Bulldozer (Debug)|Any CPU.ActiveCfg = Debug|Any CPU
		{03B0F7CA-5F5F-45E2-BF02-A5ED5ED6BEDC}.Bulldozer (Debug)|Any CPU.Build.0 = Debug|Any CPU
		{03B0F7CA-5F5F-45E2-BF02-A5ED5ED6BEDC}.Bulldozer (Debug)|Mixed Platforms.ActiveCfg = Debug|Any CPU
		{03B0F7CA-5F5F-45E2-BF02-A5ED5ED6BEDC}.Bulldozer (Debug)|Mixed Platforms.Build.0 = Debug|Any CPU
		{03B0F7CA-5F5F-45E2-BF02-A5ED5ED6BEDC}.Bulldozer (Debug)|x86.ActiveCfg = Debug|Any CPU
		{03B0F7CA-5F5F-45E2-BF02-A5ED5ED6BEDC}.Bulldozer (Release)|Any CPU.ActiveCfg = Release|Any CPU
		{03B0F7CA-5F5F-45E2-BF02-A5ED5ED6BEDC}.Bulldozer (Release)|Any CPU.Build.0 = Release|Any CPU
		{03B0F7CA-5F5F-45E2-BF02-A5ED5ED6BEDC}.Bulldozer (Release)|Mixed Platforms.ActiveCfg = Release|Any CPU
		{03B0F7CA-5F5F-45E2-BF02-A5ED5ED6BEDC}.Bulldozer (Release)|Mixed Platforms.Build.0 = Release|Any CPU
		{03B0F7CA-5F5F-45E2-BF02-A5ED5ED6BEDC}.Bulldozer (Release)|x86.ActiveCfg = Release|Any CPU
		{03B0F7CA-5F5F-45E2-BF02-A5ED5ED6BEDC}.Debug|Any CPU.ActiveCfg = Debug|Any CPU
		{03B0F7CA-5F5F-45E2-BF02-A5ED5ED6BEDC}.Debug|Any CPU.Build.0 = Debug|Any CPU
		{03B0F7CA-5F5F-45E2-BF02-A5ED5ED6BEDC}.Debug|Mixed Platforms.ActiveCfg = Debug|Any CPU
		{03B0F7CA-5F5F-45E2-BF02-A5ED5ED6BEDC}.Debug|Mixed Platforms.Build.0 = Debug|Any CPU
		{03B0F7CA-5F5F-45E2-BF02-A5ED5ED6BEDC}.Debug|x86.ActiveCfg = Debug|Any CPU
		{03B0F7CA-5F5F-45E2-BF02-A5ED5ED6BEDC}.FlowchartBuilder (Debug)|Any CPU.ActiveCfg = Debug|Any CPU
		{03B0F7CA-5F5F-45E2-BF02-A5ED5ED6BEDC}.FlowchartBuilder (Debug)|Any CPU.Build.0 = Debug|Any CPU
		{03B0F7CA-5F5F-45E2-BF02-A5ED5ED6BEDC}.FlowchartBuilder (Debug)|Mixed Platforms.ActiveCfg = Debug|Any CPU
		{03B0F7CA-5F5F-45E2-BF02-A5ED5ED6BEDC}.FlowchartBuilder (Debug)|Mixed Platforms.Build.0 = Debug|Any CPU
		{03B0F7CA-5F5F-45E2-BF02-A5ED5ED6BEDC}.FlowchartBuilder (Debug)|x86.ActiveCfg = Debug|Any CPU
		{03B0F7CA-5F5F-45E2-BF02-A5ED5ED6BEDC}.FlowchartBuilder (Release)|Any CPU.ActiveCfg = Release|Any CPU
		{03B0F7CA-5F5F-45E2-BF02-A5ED5ED6BEDC}.FlowchartBuilder (Release)|Any CPU.Build.0 = Release|Any CPU
		{03B0F7CA-5F5F-45E2-BF02-A5ED5ED6BEDC}.FlowchartBuilder (Release)|Mixed Platforms.ActiveCfg = Release|Any CPU
		{03B0F7CA-5F5F-45E2-BF02-A5ED5ED6BEDC}.FlowchartBuilder (Release)|Mixed Platforms.Build.0 = Release|Any CPU
		{03B0F7CA-5F5F-45E2-BF02-A5ED5ED6BEDC}.FlowchartBuilder (Release)|x86.ActiveCfg = Release|Any CPU
		{03B0F7CA-5F5F-45E2-BF02-A5ED5ED6BEDC}.Release|Any CPU.ActiveCfg = Release|Any CPU
		{03B0F7CA-5F5F-45E2-BF02-A5ED5ED6BEDC}.Release|Any CPU.Build.0 = Release|Any CPU
		{03B0F7CA-5F5F-45E2-BF02-A5ED5ED6BEDC}.Release|Mixed Platforms.ActiveCfg = Release|Any CPU
		{03B0F7CA-5F5F-45E2-BF02-A5ED5ED6BEDC}.Release|Mixed Platforms.Build.0 = Release|Any CPU
		{03B0F7CA-5F5F-45E2-BF02-A5ED5ED6BEDC}.Release|x86.ActiveCfg = Release|Any CPU
		{8AC3A206-EC4B-40EB-9398-19D8B6047F11}.Bulldozer (Debug)|Any CPU.ActiveCfg = Debug|Any CPU
		{8AC3A206-EC4B-40EB-9398-19D8B6047F11}.Bulldozer (Debug)|Any CPU.Build.0 = Debug|Any CPU
		{8AC3A206-EC4B-40EB-9398-19D8B6047F11}.Bulldozer (Debug)|Mixed Platforms.ActiveCfg = Debug|Any CPU
		{8AC3A206-EC4B-40EB-9398-19D8B6047F11}.Bulldozer (Debug)|Mixed Platforms.Build.0 = Debug|Any CPU
		{8AC3A206-EC4B-40EB-9398-19D8B6047F11}.Bulldozer (Debug)|x86.ActiveCfg = Debug|Any CPU
		{8AC3A206-EC4B-40EB-9398-19D8B6047F11}.Bulldozer (Release)|Any CPU.ActiveCfg = Release|Any CPU
		{8AC3A206-EC4B-40EB-9398-19D8B6047F11}.Bulldozer (Release)|Any CPU.Build.0 = Release|Any CPU
		{8AC3A206-EC4B-40EB-9398-19D8B6047F11}.Bulldozer (Release)|Mixed Platforms.ActiveCfg = Release|Any CPU
		{8AC3A206-EC4B-40EB-9398-19D8B6047F11}.Bulldozer (Release)|Mixed Platforms.Build.0 = Release|Any CPU
		{8AC3A206-EC4B-40EB-9398-19D8B6047F11}.Bulldozer (Release)|x86.ActiveCfg = Release|Any CPU
		{8AC3A206-EC4B-40EB-9398-19D8B6047F11}.Debug|Any CPU.ActiveCfg = Debug|Any CPU
		{8AC3A206-EC4B-40EB-9398-19D8B6047F11}.Debug|Any CPU.Build.0 = Debug|Any CPU
		{8AC3A206-EC4B-40EB-9398-19D8B6047F11}.Debug|Mixed Platforms.ActiveCfg = Debug|Any CPU
		{8AC3A206-EC4B-40EB-9398-19D8B6047F11}.Debug|Mixed Platforms.Build.0 = Debug|Any CPU
		{8AC3A206-EC4B-40EB-9398-19D8B6047F11}.Debug|x86.ActiveCfg = Debug|Any CPU
		{8AC3A206-EC4B-40EB-9398-19D8B6047F11}.FlowchartBuilder (Debug)|Any CPU.ActiveCfg = Debug|Any CPU
		{8AC3A206-EC4B-40EB-9398-19D8B6047F11}.FlowchartBuilder (Debug)|Any CPU.Build.0 = Debug|Any CPU
		{8AC3A206-EC4B-40EB-9398-19D8B6047F11}.FlowchartBuilder (Debug)|Mixed Platforms.ActiveCfg = Debug|Any CPU
		{8AC3A206-EC4B-40EB-9398-19D8B6047F11}.FlowchartBuilder (Debug)|Mixed Platforms.Build.0 = Debug|Any CPU
		{8AC3A206-EC4B-40EB-9398-19D8B6047F11}.FlowchartBuilder (Debug)|x86.ActiveCfg = Debug|Any CPU
		{8AC3A206-EC4B-40EB-9398-19D8B6047F11}.FlowchartBuilder (Release)|Any CPU.ActiveCfg = Release|Any CPU
		{8AC3A206-EC4B-40EB-9398-19D8B6047F11}.FlowchartBuilder (Release)|Any CPU.Build.0 = Release|Any CPU
		{8AC3A206-EC4B-40EB-9398-19D8B6047F11}.FlowchartBuilder (Release)|Mixed Platforms.ActiveCfg = Release|Any CPU
		{8AC3A206-EC4B-40EB-9398-19D8B6047F11}.FlowchartBuilder (Release)|Mixed Platforms.Build.0 = Release|Any CPU
		{8AC3A206-EC4B-40EB-9398-19D8B6047F11}.FlowchartBuilder (Release)|x86.ActiveCfg = Release|Any CPU
		{8AC3A206-EC4B-40EB-9398-19D8B6047F11}.Release|Any CPU.ActiveCfg = Release|Any CPU
		{8AC3A206-EC4B-40EB-9398-19D8B6047F11}.Release|Any CPU.Build.0 = Release|Any CPU
		{8AC3A206-EC4B-40EB-9398-19D8B6047F11}.Release|Mixed Platforms.ActiveCfg = Release|Any CPU
		{8AC3A206-EC4B-40EB-9398-19D8B6047F11}.Release|Mixed Platforms.Build.0 = Release|Any CPU
		{8AC3A206-EC4B-40EB-9398-19D8B6047F11}.Release|x86.ActiveCfg = Release|Any CPU
		{7DE301B9-E626-4851-BD64-527B9EC143BB}.Bulldozer (Debug)|Any CPU.ActiveCfg = Debug|Any CPU
		{7DE301B9-E626-4851-BD64-527B9EC143BB}.Bulldozer (Debug)|Any CPU.Build.0 = Debug|Any CPU
		{7DE301B9-E626-4851-BD64-527B9EC143BB}.Bulldozer (Debug)|Mixed Platforms.ActiveCfg = Debug|Any CPU
		{7DE301B9-E626-4851-BD64-527B9EC143BB}.Bulldozer (Debug)|Mixed Platforms.Build.0 = Debug|Any CPU
		{7DE301B9-E626-4851-BD64-527B9EC143BB}.Bulldozer (Debug)|x86.ActiveCfg = Debug|Any CPU
		{7DE301B9-E626-4851-BD64-527B9EC143BB}.Bulldozer (Release)|Any CPU.ActiveCfg = Release|Any CPU
		{7DE301B9-E626-4851-BD64-527B9EC143BB}.Bulldozer (Release)|Any CPU.Build.0 = Release|Any CPU
		{7DE301B9-E626-4851-BD64-527B9EC143BB}.Bulldozer (Release)|Mixed Platforms.ActiveCfg = Release|Any CPU
		{7DE301B9-E626-4851-BD64-527B9EC143BB}.Bulldozer (Release)|Mixed Platforms.Build.0 = Release|Any CPU
		{7DE301B9-E626-4851-BD64-527B9EC143BB}.Bulldozer (Release)|x86.ActiveCfg = Release|Any CPU
		{7DE301B9-E626-4851-BD64-527B9EC143BB}.Debug|Any CPU.ActiveCfg = Debug|Any CPU
		{7DE301B9-E626-4851-BD64-527B9EC143BB}.Debug|Any CPU.Build.0 = Debug|Any CPU
		{7DE301B9-E626-4851-BD64-527B9EC143BB}.Debug|Mixed Platforms.ActiveCfg = Debug|Any CPU
		{7DE301B9-E626-4851-BD64-527B9EC143BB}.Debug|Mixed Platforms.Build.0 = Debug|Any CPU
		{7DE301B9-E626-4851-BD64-527B9EC143BB}.Debug|x86.ActiveCfg = Debug|Any CPU
		{7DE301B9-E626-4851-BD64-527B9EC143BB}.FlowchartBuilder (Debug)|Any CPU.ActiveCfg = Debug|Any CPU
		{7DE301B9-E626-4851-BD64-527B9EC143BB}.FlowchartBuilder (Debug)|Any CPU.Build.0 = Debug|Any CPU
		{7DE301B9-E626-4851-BD64-527B9EC143BB}.FlowchartBuilder (Debug)|Mixed Platforms.ActiveCfg = Debug|Any CPU
		{7DE301B9-E626-4851-BD64-527B9EC143BB}.FlowchartBuilder (Debug)|Mixed Platforms.Build.0 = Debug|Any CPU
		{7DE301B9-E626-4851-BD64-527B9EC143BB}.FlowchartBuilder (Debug)|x86.ActiveCfg = Debug|Any CPU
		{7DE301B9-E626-4851-BD64-527B9EC143BB}.FlowchartBuilder (Release)|Any CPU.ActiveCfg = Release|Any CPU
		{7DE301B9-E626-4851-BD64-527B9EC143BB}.FlowchartBuilder (Release)|Any CPU.Build.0 = Release|Any CPU
		{7DE301B9-E626-4851-BD64-527B9EC143BB}.FlowchartBuilder (Release)|Mixed Platforms.ActiveCfg = Release|Any CPU
		{7DE301B9-E626-4851-BD64-527B9EC143BB}.FlowchartBuilder (Release)|Mixed Platforms.Build.0 = Release|Any CPU
		{7DE301B9-E626-4851-BD64-527B9EC143BB}.FlowchartBuilder (Release)|x86.ActiveCfg = Release|Any CPU
		{7DE301B9-E626-4851-BD64-527B9EC143BB}.Release|Any CPU.ActiveCfg = Release|Any CPU
		{7DE301B9-E626-4851-BD64-527B9EC143BB}.Release|Any CPU.Build.0 = Release|Any CPU
		{7DE301B9-E626-4851-BD64-527B9EC143BB}.Release|Mixed Platforms.ActiveCfg = Release|Any CPU
		{7DE301B9-E626-4851-BD64-527B9EC143BB}.Release|Mixed Platforms.Build.0 = Release|Any CPU
		{7DE301B9-E626-4851-BD64-527B9EC143BB}.Release|x86.ActiveCfg = Release|Any CPU
		{683C3349-F8F4-49F4-9109-CD5D0D241312}.Bulldozer (Debug)|Any CPU.ActiveCfg = Debug|Any CPU
		{683C3349-F8F4-49F4-9109-CD5D0D241312}.Bulldozer (Debug)|Any CPU.Build.0 = Debug|Any CPU
		{683C3349-F8F4-49F4-9109-CD5D0D241312}.Bulldozer (Debug)|Mixed Platforms.ActiveCfg = Debug|Any CPU
		{683C3349-F8F4-49F4-9109-CD5D0D241312}.Bulldozer (Debug)|Mixed Platforms.Build.0 = Debug|Any CPU
		{683C3349-F8F4-49F4-9109-CD5D0D241312}.Bulldozer (Debug)|x86.ActiveCfg = Debug|Any CPU
		{683C3349-F8F4-49F4-9109-CD5D0D241312}.Bulldozer (Release)|Any CPU.ActiveCfg = Release|Any CPU
		{683C3349-F8F4-49F4-9109-CD5D0D241312}.Bulldozer (Release)|Any CPU.Build.0 = Release|Any CPU
		{683C3349-F8F4-49F4-9109-CD5D0D241312}.Bulldozer (Release)|Mixed Platforms.ActiveCfg = Release|Any CPU
		{683C3349-F8F4-49F4-9109-CD5D0D241312}.Bulldozer (Release)|Mixed Platforms.Build.0 = Release|Any CPU
		{683C3349-F8F4-49F4-9109-CD5D0D241312}.Bulldozer (Release)|x86.ActiveCfg = Release|Any CPU
		{683C3349-F8F4-49F4-9109-CD5D0D241312}.Debug|Any CPU.ActiveCfg = Debug|Any CPU
		{683C3349-F8F4-49F4-9109-CD5D0D241312}.Debug|Any CPU.Build.0 = Debug|Any CPU
		{683C3349-F8F4-49F4-9109-CD5D0D241312}.Debug|Mixed Platforms.ActiveCfg = Debug|Any CPU
		{683C3349-F8F4-49F4-9109-CD5D0D241312}.Debug|Mixed Platforms.Build.0 = Debug|Any CPU
		{683C3349-F8F4-49F4-9109-CD5D0D241312}.Debug|x86.ActiveCfg = Debug|Any CPU
		{683C3349-F8F4-49F4-9109-CD5D0D241312}.FlowchartBuilder (Debug)|Any CPU.ActiveCfg = Debug|Any CPU
		{683C3349-F8F4-49F4-9109-CD5D0D241312}.FlowchartBuilder (Debug)|Any CPU.Build.0 = Debug|Any CPU
		{683C3349-F8F4-49F4-9109-CD5D0D241312}.FlowchartBuilder (Debug)|Mixed Platforms.ActiveCfg = Debug|Any CPU
		{683C3349-F8F4-49F4-9109-CD5D0D241312}.FlowchartBuilder (Debug)|Mixed Platforms.Build.0 = Debug|Any CPU
		{683C3349-F8F4-49F4-9109-CD5D0D241312}.FlowchartBuilder (Debug)|x86.ActiveCfg = Debug|Any CPU
		{683C3349-F8F4-49F4-9109-CD5D0D241312}.FlowchartBuilder (Release)|Any CPU.ActiveCfg = Release|Any CPU
		{683C3349-F8F4-49F4-9109-CD5D0D241312}.FlowchartBuilder (Release)|Any CPU.Build.0 = Release|Any CPU
		{683C3349-F8F4-49F4-9109-CD5D0D241312}.FlowchartBuilder (Release)|Mixed Platforms.ActiveCfg = Release|Any CPU
		{683C3349-F8F4-49F4-9109-CD5D0D241312}.FlowchartBuilder (Release)|Mixed Platforms.Build.0 = Release|Any CPU
		{683C3349-F8F4-49F4-9109-CD5D0D241312}.FlowchartBuilder (Release)|x86.ActiveCfg = Release|Any CPU
		{683C3349-F8F4-49F4-9109-CD5D0D241312}.Release|Any CPU.ActiveCfg = Release|Any CPU
		{683C3349-F8F4-49F4-9109-CD5D0D241312}.Release|Any CPU.Build.0 = Release|Any CPU
		{683C3349-F8F4-49F4-9109-CD5D0D241312}.Release|Mixed Platforms.ActiveCfg = Release|Any CPU
		{683C3349-F8F4-49F4-9109-CD5D0D241312}.Release|Mixed Platforms.Build.0 = Release|Any CPU
		{683C3349-F8F4-49F4-9109-CD5D0D241312}.Release|x86.ActiveCfg = Release|Any CPU
		{92DB27E7-B387-4222-9C37-9310E0E75749}.Bulldozer (Debug)|Any CPU.ActiveCfg = Debug|Any CPU
		{92DB27E7-B387-4222-9C37-9310E0E75749}.Bulldozer (Debug)|Any CPU.Build.0 = Debug|Any CPU
		{92DB27E7-B387-4222-9C37-9310E0E75749}.Bulldozer (Debug)|Mixed Platforms.ActiveCfg = Debug|Any CPU
		{92DB27E7-B387-4222-9C37-9310E0E75749}.Bulldozer (Debug)|Mixed Platforms.Build.0 = Debug|Any CPU
		{92DB27E7-B387-4222-9C37-9310E0E75749}.Bulldozer (Debug)|x86.ActiveCfg = Debug|Any CPU
		{92DB27E7-B387-4222-9C37-9310E0E75749}.Bulldozer (Release)|Any CPU.ActiveCfg = Release|Any CPU
		{92DB27E7-B387-4222-9C37-9310E0E75749}.Bulldozer (Release)|Any CPU.Build.0 = Release|Any CPU
		{92DB27E7-B387-4222-9C37-9310E0E75749}.Bulldozer (Release)|Mixed Platforms.ActiveCfg = Release|Any CPU
		{92DB27E7-B387-4222-9C37-9310E0E75749}.Bulldozer (Release)|Mixed Platforms.Build.0 = Release|Any CPU
		{92DB27E7-B387-4222-9C37-9310E0E75749}.Bulldozer (Release)|x86.ActiveCfg = Release|Any CPU
		{92DB27E7-B387-4222-9C37-9310E0E75749}.Debug|Any CPU.ActiveCfg = Debug|Any CPU
		{92DB27E7-B387-4222-9C37-9310E0E75749}.Debug|Any CPU.Build.0 = Debug|Any CPU
		{92DB27E7-B387-4222-9C37-9310E0E75749}.Debug|Mixed Platforms.ActiveCfg = Debug|Any CPU
		{92DB27E7-B387-4222-9C37-9310E0E75749}.Debug|Mixed Platforms.Build.0 = Debug|Any CPU
		{92DB27E7-B387-4222-9C37-9310E0E75749}.Debug|x86.ActiveCfg = Debug|Any CPU
		{92DB27E7-B387-4222-9C37-9310E0E75749}.FlowchartBuilder (Debug)|Any CPU.ActiveCfg = Debug|Any CPU
		{92DB27E7-B387-4222-9C37-9310E0E75749}.FlowchartBuilder (Debug)|Any CPU.Build.0 = Debug|Any CPU
		{92DB27E7-B387-4222-9C37-9310E0E75749}.FlowchartBuilder (Debug)|Mixed Platforms.ActiveCfg = Debug|Any CPU
		{92DB27E7-B387-4222-9C37-9310E0E75749}.FlowchartBuilder (Debug)|Mixed Platforms.Build.0 = Debug|Any CPU
		{92DB27E7-B387-4222-9C37-9310E0E75749}.FlowchartBuilder (Debug)|x86.ActiveCfg = Debug|Any CPU
		{92DB27E7-B387-4222-9C37-9310E0E75749}.FlowchartBuilder (Release)|Any CPU.ActiveCfg = Release|Any CPU
		{92DB27E7-B387-4222-9C37-9310E0E75749}.FlowchartBuilder (Release)|Any CPU.Build.0 = Release|Any CPU
		{92DB27E7-B387-4222-9C37-9310E0E75749}.FlowchartBuilder (Release)|Mixed Platforms.ActiveCfg = Release|Any CPU
		{92DB27E7-B387-4222-9C37-9310E0E75749}.FlowchartBuilder (Release)|Mixed Platforms.Build.0 = Release|Any CPU
		{92DB27E7-B387-4222-9C37-9310E0E75749}.FlowchartBuilder (Release)|x86.ActiveCfg = Release|Any CPU
		{92DB27E7-B387-4222-9C37-9310E0E75749}.Release|Any CPU.ActiveCfg = Release|Any CPU
		{92DB27E7-B387-4222-9C37-9310E0E75749}.Release|Any CPU.Build.0 = Release|Any CPU
		{92DB27E7-B387-4222-9C37-9310E0E75749}.Release|Mixed Platforms.ActiveCfg = Release|Any CPU
		{92DB27E7-B387-4222-9C37-9310E0E75749}.Release|Mixed Platforms.Build.0 = Release|Any CPU
		{92DB27E7-B387-4222-9C37-9310E0E75749}.Release|x86.ActiveCfg = Release|Any CPU
		{EC766392-0818-4EAB-8C32-124DD6117932}.Bulldozer (Debug)|Any CPU.ActiveCfg = Debug|Any CPU
		{EC766392-0818-4EAB-8C32-124DD6117932}.Bulldozer (Debug)|Any CPU.Build.0 = Debug|Any CPU
		{EC766392-0818-4EAB-8C32-124DD6117932}.Bulldozer (Debug)|Mixed Platforms.ActiveCfg = Debug|Any CPU
		{EC766392-0818-4EAB-8C32-124DD6117932}.Bulldozer (Debug)|Mixed Platforms.Build.0 = Debug|Any CPU
		{EC766392-0818-4EAB-8C32-124DD6117932}.Bulldozer (Debug)|x86.ActiveCfg = Debug|Any CPU
		{EC766392-0818-4EAB-8C32-124DD6117932}.Bulldozer (Release)|Any CPU.ActiveCfg = Release|Any CPU
		{EC766392-0818-4EAB-8C32-124DD6117932}.Bulldozer (Release)|Any CPU.Build.0 = Release|Any CPU
		{EC766392-0818-4EAB-8C32-124DD6117932}.Bulldozer (Release)|Mixed Platforms.ActiveCfg = Release|Any CPU
		{EC766392-0818-4EAB-8C32-124DD6117932}.Bulldozer (Release)|Mixed Platforms.Build.0 = Release|Any CPU
		{EC766392-0818-4EAB-8C32-124DD6117932}.Bulldozer (Release)|x86.ActiveCfg = Release|Any CPU
		{EC766392-0818-4EAB-8C32-124DD6117932}.Debug|Any CPU.ActiveCfg = Debug|Any CPU
		{EC766392-0818-4EAB-8C32-124DD6117932}.Debug|Any CPU.Build.0 = Debug|Any CPU
		{EC766392-0818-4EAB-8C32-124DD6117932}.Debug|Mixed Platforms.ActiveCfg = Debug|Any CPU
		{EC766392-0818-4EAB-8C32-124DD6117932}.Debug|Mixed Platforms.Build.0 = Debug|Any CPU
		{EC766392-0818-4EAB-8C32-124DD6117932}.Debug|x86.ActiveCfg = Debug|Any CPU
		{EC766392-0818-4EAB-8C32-124DD6117932}.FlowchartBuilder (Debug)|Any CPU.ActiveCfg = Debug|Any CPU
		{EC766392-0818-4EAB-8C32-124DD6117932}.FlowchartBuilder (Debug)|Any CPU.Build.0 = Debug|Any CPU
		{EC766392-0818-4EAB-8C32-124DD6117932}.FlowchartBuilder (Debug)|Mixed Platforms.ActiveCfg = Debug|Any CPU
		{EC766392-0818-4EAB-8C32-124DD6117932}.FlowchartBuilder (Debug)|Mixed Platforms.Build.0 = Debug|Any CPU
		{EC766392-0818-4EAB-8C32-124DD6117932}.FlowchartBuilder (Debug)|x86.ActiveCfg = Debug|Any CPU
		{EC766392-0818-4EAB-8C32-124DD6117932}.FlowchartBuilder (Release)|Any CPU.ActiveCfg = Release|Any CPU
		{EC766392-0818-4EAB-8C32-124DD6117932}.FlowchartBuilder (Release)|Any CPU.Build.0 = Release|Any CPU
		{EC766392-0818-4EAB-8C32-124DD6117932}.FlowchartBuilder (Release)|Mixed Platforms.ActiveCfg = Release|Any CPU
		{EC766392-0818-4EAB-8C32-124DD6117932}.FlowchartBuilder (Release)|Mixed Platforms.Build.0 = Release|Any CPU
		{EC766392-0818-4EAB-8C32-124DD6117932}.FlowchartBuilder (Release)|x86.ActiveCfg = Release|Any CPU
		{EC766392-0818-4EAB-8C32-124DD6117932}.Release|Any CPU.ActiveCfg = Release|Any CPU
		{EC766392-0818-4EAB-8C32-124DD6117932}.Release|Any CPU.Build.0 = Release|Any CPU
		{EC766392-0818-4EAB-8C32-124DD6117932}.Release|Mixed Platforms.ActiveCfg = Release|Any CPU
		{EC766392-0818-4EAB-8C32-124DD6117932}.Release|Mixed Platforms.Build.0 = Release|Any CPU
		{EC766392-0818-4EAB-8C32-124DD6117932}.Release|x86.ActiveCfg = Release|Any CPU
		{25C9D046-7DD9-4996-8CCD-41BF7B08B0AD}.Bulldozer (Debug)|Any CPU.ActiveCfg = Debug|Any CPU
		{25C9D046-7DD9-4996-8CCD-41BF7B08B0AD}.Bulldozer (Debug)|Any CPU.Build.0 = Debug|Any CPU
		{25C9D046-7DD9-4996-8CCD-41BF7B08B0AD}.Bulldozer (Debug)|Mixed Platforms.ActiveCfg = Debug|Any CPU
		{25C9D046-7DD9-4996-8CCD-41BF7B08B0AD}.Bulldozer (Debug)|Mixed Platforms.Build.0 = Debug|Any CPU
		{25C9D046-7DD9-4996-8CCD-41BF7B08B0AD}.Bulldozer (Debug)|x86.ActiveCfg = Debug|Any CPU
		{25C9D046-7DD9-4996-8CCD-41BF7B08B0AD}.Bulldozer (Release)|Any CPU.ActiveCfg = Release|Any CPU
		{25C9D046-7DD9-4996-8CCD-41BF7B08B0AD}.Bulldozer (Release)|Any CPU.Build.0 = Release|Any CPU
		{25C9D046-7DD9-4996-8CCD-41BF7B08B0AD}.Bulldozer (Release)|Mixed Platforms.ActiveCfg = Release|Any CPU
		{25C9D046-7DD9-4996-8CCD-41BF7B08B0AD}.Bulldozer (Release)|Mixed Platforms.Build.0 = Release|Any CPU
		{25C9D046-7DD9-4996-8CCD-41BF7B08B0AD}.Bulldozer (Release)|x86.ActiveCfg = Release|Any CPU
		{25C9D046-7DD9-4996-8CCD-41BF7B08B0AD}.Debug|Any CPU.ActiveCfg = Debug|Any CPU
		{25C9D046-7DD9-4996-8CCD-41BF7B08B0AD}.Debug|Any CPU.Build.0 = Debug|Any CPU
		{25C9D046-7DD9-4996-8CCD-41BF7B08B0AD}.Debug|Mixed Platforms.ActiveCfg = Debug|Any CPU
		{25C9D046-7DD9-4996-8CCD-41BF7B08B0AD}.Debug|Mixed Platforms.Build.0 = Debug|Any CPU
		{25C9D046-7DD9-4996-8CCD-41BF7B08B0AD}.Debug|x86.ActiveCfg = Debug|Any CPU
		{25C9D046-7DD9-4996-8CCD-41BF7B08B0AD}.FlowchartBuilder (Debug)|Any CPU.ActiveCfg = Debug|Any CPU
		{25C9D046-7DD9-4996-8CCD-41BF7B08B0AD}.FlowchartBuilder (Debug)|Any CPU.Build.0 = Debug|Any CPU
		{25C9D046-7DD9-4996-8CCD-41BF7B08B0AD}.FlowchartBuilder (Debug)|Mixed Platforms.ActiveCfg = Debug|Any CPU
		{25C9D046-7DD9-4996-8CCD-41BF7B08B0AD}.FlowchartBuilder (Debug)|Mixed Platforms.Build.0 = Debug|Any CPU
		{25C9D046-7DD9-4996-8CCD-41BF7B08B0AD}.FlowchartBuilder (Debug)|x86.ActiveCfg = Debug|Any CPU
		{25C9D046-7DD9-4996-8CCD-41BF7B08B0AD}.FlowchartBuilder (Release)|Any CPU.ActiveCfg = Release|Any CPU
		{25C9D046-7DD9-4996-8CCD-41BF7B08B0AD}.FlowchartBuilder (Release)|Any CPU.Build.0 = Release|Any CPU
		{25C9D046-7DD9-4996-8CCD-41BF7B08B0AD}.FlowchartBuilder (Release)|Mixed Platforms.ActiveCfg = Release|Any CPU
		{25C9D046-7DD9-4996-8CCD-41BF7B08B0AD}.FlowchartBuilder (Release)|Mixed Platforms.Build.0 = Release|Any CPU
		{25C9D046-7DD9-4996-8CCD-41BF7B08B0AD}.FlowchartBuilder (Release)|x86.ActiveCfg = Release|Any CPU
		{25C9D046-7DD9-4996-8CCD-41BF7B08B0AD}.Release|Any CPU.ActiveCfg = Release|Any CPU
		{25C9D046-7DD9-4996-8CCD-41BF7B08B0AD}.Release|Any CPU.Build.0 = Release|Any CPU
		{25C9D046-7DD9-4996-8CCD-41BF7B08B0AD}.Release|Mixed Platforms.ActiveCfg = Release|Any CPU
		{25C9D046-7DD9-4996-8CCD-41BF7B08B0AD}.Release|Mixed Platforms.Build.0 = Release|Any CPU
		{25C9D046-7DD9-4996-8CCD-41BF7B08B0AD}.Release|x86.ActiveCfg = Release|Any CPU
		{BF0B57AE-9EAB-4206-BF30-12AB352C87B3}.Bulldozer (Debug)|Any CPU.ActiveCfg = Bulldozer (Debug)|Any CPU
		{BF0B57AE-9EAB-4206-BF30-12AB352C87B3}.Bulldozer (Debug)|Any CPU.Build.0 = Bulldozer (Debug)|Any CPU
		{BF0B57AE-9EAB-4206-BF30-12AB352C87B3}.Bulldozer (Debug)|Mixed Platforms.ActiveCfg = Bulldozer (Debug)|Any CPU
		{BF0B57AE-9EAB-4206-BF30-12AB352C87B3}.Bulldozer (Debug)|Mixed Platforms.Build.0 = Bulldozer (Debug)|Any CPU
		{BF0B57AE-9EAB-4206-BF30-12AB352C87B3}.Bulldozer (Debug)|x86.ActiveCfg = Bulldozer (Debug)|Any CPU
		{BF0B57AE-9EAB-4206-BF30-12AB352C87B3}.Bulldozer (Release)|Any CPU.ActiveCfg = Bulldozer (Release)|Any CPU
		{BF0B57AE-9EAB-4206-BF30-12AB352C87B3}.Bulldozer (Release)|Any CPU.Build.0 = Bulldozer (Release)|Any CPU
		{BF0B57AE-9EAB-4206-BF30-12AB352C87B3}.Bulldozer (Release)|Mixed Platforms.ActiveCfg = Bulldozer (Release)|Any CPU
		{BF0B57AE-9EAB-4206-BF30-12AB352C87B3}.Bulldozer (Release)|Mixed Platforms.Build.0 = Bulldozer (Release)|Any CPU
		{BF0B57AE-9EAB-4206-BF30-12AB352C87B3}.Bulldozer (Release)|x86.ActiveCfg = Bulldozer (Release)|Any CPU
		{BF0B57AE-9EAB-4206-BF30-12AB352C87B3}.Debug|Any CPU.ActiveCfg = Debug|Any CPU
		{BF0B57AE-9EAB-4206-BF30-12AB352C87B3}.Debug|Any CPU.Build.0 = Debug|Any CPU
		{BF0B57AE-9EAB-4206-BF30-12AB352C87B3}.Debug|Mixed Platforms.ActiveCfg = Debug|Any CPU
		{BF0B57AE-9EAB-4206-BF30-12AB352C87B3}.Debug|Mixed Platforms.Build.0 = Debug|Any CPU
		{BF0B57AE-9EAB-4206-BF30-12AB352C87B3}.Debug|x86.ActiveCfg = Debug|Any CPU
		{BF0B57AE-9EAB-4206-BF30-12AB352C87B3}.FlowchartBuilder (Debug)|Any CPU.ActiveCfg = FlowchartBuilder (Debug)|Any CPU
		{BF0B57AE-9EAB-4206-BF30-12AB352C87B3}.FlowchartBuilder (Debug)|Any CPU.Build.0 = FlowchartBuilder (Debug)|Any CPU
		{BF0B57AE-9EAB-4206-BF30-12AB352C87B3}.FlowchartBuilder (Debug)|Mixed Platforms.ActiveCfg = FlowchartBuilder (Debug)|Any CPU
		{BF0B57AE-9EAB-4206-BF30-12AB352C87B3}.FlowchartBuilder (Debug)|Mixed Platforms.Build.0 = FlowchartBuilder (Debug)|Any CPU
		{BF0B57AE-9EAB-4206-BF30-12AB352C87B3}.FlowchartBuilder (Debug)|x86.ActiveCfg = FlowchartBuilder (Debug)|Any CPU
		{BF0B57AE-9EAB-4206-BF30-12AB352C87B3}.FlowchartBuilder (Release)|Any CPU.ActiveCfg = FlowchartBuilder (Release)|Any CPU
		{BF0B57AE-9EAB-4206-BF30-12AB352C87B3}.FlowchartBuilder (Release)|Any CPU.Build.0 = FlowchartBuilder (Release)|Any CPU
		{BF0B57AE-9EAB-4206-BF30-12AB352C87B3}.FlowchartBuilder (Release)|Mixed Platforms.ActiveCfg = FlowchartBuilder (Release)|Any CPU
		{BF0B57AE-9EAB-4206-BF30-12AB352C87B3}.FlowchartBuilder (Release)|Mixed Platforms.Build.0 = FlowchartBuilder (Release)|Any CPU
		{BF0B57AE-9EAB-4206-BF30-12AB352C87B3}.FlowchartBuilder (Release)|x86.ActiveCfg = FlowchartBuilder (Release)|Any CPU
		{BF0B57AE-9EAB-4206-BF30-12AB352C87B3}.Release|Any CPU.ActiveCfg = Release|Any CPU
		{BF0B57AE-9EAB-4206-BF30-12AB352C87B3}.Release|Any CPU.Build.0 = Release|Any CPU
		{BF0B57AE-9EAB-4206-BF30-12AB352C87B3}.Release|Mixed Platforms.ActiveCfg = Release|Any CPU
		{BF0B57AE-9EAB-4206-BF30-12AB352C87B3}.Release|Mixed Platforms.Build.0 = Release|Any CPU
		{BF0B57AE-9EAB-4206-BF30-12AB352C87B3}.Release|x86.ActiveCfg = Release|Any CPU
		{753D2CE5-7041-49E1-9A94-907B27435EB6}.Bulldozer (Debug)|Any CPU.ActiveCfg = Debug|Any CPU
		{753D2CE5-7041-49E1-9A94-907B27435EB6}.Bulldozer (Debug)|Any CPU.Build.0 = Debug|Any CPU
		{753D2CE5-7041-49E1-9A94-907B27435EB6}.Bulldozer (Debug)|Mixed Platforms.ActiveCfg = Debug|Any CPU
		{753D2CE5-7041-49E1-9A94-907B27435EB6}.Bulldozer (Debug)|Mixed Platforms.Build.0 = Debug|Any CPU
		{753D2CE5-7041-49E1-9A94-907B27435EB6}.Bulldozer (Debug)|x86.ActiveCfg = Debug|Any CPU
		{753D2CE5-7041-49E1-9A94-907B27435EB6}.Bulldozer (Release)|Any CPU.ActiveCfg = Release|Any CPU
		{753D2CE5-7041-49E1-9A94-907B27435EB6}.Bulldozer (Release)|Any CPU.Build.0 = Release|Any CPU
		{753D2CE5-7041-49E1-9A94-907B27435EB6}.Bulldozer (Release)|Mixed Platforms.ActiveCfg = Release|Any CPU
		{753D2CE5-7041-49E1-9A94-907B27435EB6}.Bulldozer (Release)|Mixed Platforms.Build.0 = Release|Any CPU
		{753D2CE5-7041-49E1-9A94-907B27435EB6}.Bulldozer (Release)|x86.ActiveCfg = Release|Any CPU
		{753D2CE5-7041-49E1-9A94-907B27435EB6}.Debug|Any CPU.ActiveCfg = Debug|Any CPU
		{753D2CE5-7041-49E1-9A94-907B27435EB6}.Debug|Any CPU.Build.0 = Debug|Any CPU
		{753D2CE5-7041-49E1-9A94-907B27435EB6}.Debug|Mixed Platforms.ActiveCfg = Debug|Any CPU
		{753D2CE5-7041-49E1-9A94-907B27435EB6}.Debug|Mixed Platforms.Build.0 = Debug|Any CPU
		{753D2CE5-7041-49E1-9A94-907B27435EB6}.Debug|x86.ActiveCfg = Debug|Any CPU
		{753D2CE5-7041-49E1-9A94-907B27435EB6}.FlowchartBuilder (Debug)|Any CPU.ActiveCfg = Debug|Any CPU
		{753D2CE5-7041-49E1-9A94-907B27435EB6}.FlowchartBuilder (Debug)|Any CPU.Build.0 = Debug|Any CPU
		{753D2CE5-7041-49E1-9A94-907B27435EB6}.FlowchartBuilder (Debug)|Mixed Platforms.ActiveCfg = Debug|Any CPU
		{753D2CE5-7041-49E1-9A94-907B27435EB6}.FlowchartBuilder (Debug)|Mixed Platforms.Build.0 = Debug|Any CPU
		{753D2CE5-7041-49E1-9A94-907B27435EB6}.FlowchartBuilder (Debug)|x86.ActiveCfg = Debug|Any CPU
		{753D2CE5-7041-49E1-9A94-907B27435EB6}.FlowchartBuilder (Release)|Any CPU.ActiveCfg = Release|Any CPU
		{753D2CE5-7041-49E1-9A94-907B27435EB6}.FlowchartBuilder (Release)|Any CPU.Build.0 = Release|Any CPU
		{753D2CE5-7041-49E1-9A94-907B27435EB6}.FlowchartBuilder (Release)|Mixed Platforms.ActiveCfg = Release|Any CPU
		{753D2CE5-7041-49E1-9A94-907B27435EB6}.FlowchartBuilder (Release)|Mixed Platforms.Build.0 = Release|Any CPU
		{753D2CE5-7041-49E1-9A94-907B27435EB6}.FlowchartBuilder (Release)|x86.ActiveCfg = Release|Any CPU
		{753D2CE5-7041-49E1-9A94-907B27435EB6}.Release|Any CPU.ActiveCfg = Release|Any CPU
		{753D2CE5-7041-49E1-9A94-907B27435EB6}.Release|Any CPU.Build.0 = Release|Any CPU
		{753D2CE5-7041-49E1-9A94-907B27435EB6}.Release|Mixed Platforms.ActiveCfg = Release|Any CPU
		{753D2CE5-7041-49E1-9A94-907B27435EB6}.Release|Mixed Platforms.Build.0 = Release|Any CPU
		{753D2CE5-7041-49E1-9A94-907B27435EB6}.Release|x86.ActiveCfg = Release|Any CPU
		{89141861-AB09-48B2-B7F4-54E64BC74D57}.Bulldozer (Debug)|Any CPU.ActiveCfg = Debug|Any CPU
		{89141861-AB09-48B2-B7F4-54E64BC74D57}.Bulldozer (Debug)|Any CPU.Build.0 = Debug|Any CPU
		{89141861-AB09-48B2-B7F4-54E64BC74D57}.Bulldozer (Debug)|Mixed Platforms.ActiveCfg = Debug|Any CPU
		{89141861-AB09-48B2-B7F4-54E64BC74D57}.Bulldozer (Debug)|Mixed Platforms.Build.0 = Debug|Any CPU
		{89141861-AB09-48B2-B7F4-54E64BC74D57}.Bulldozer (Debug)|x86.ActiveCfg = Debug|Any CPU
		{89141861-AB09-48B2-B7F4-54E64BC74D57}.Bulldozer (Release)|Any CPU.ActiveCfg = Release|Any CPU
		{89141861-AB09-48B2-B7F4-54E64BC74D57}.Bulldozer (Release)|Any CPU.Build.0 = Release|Any CPU
		{89141861-AB09-48B2-B7F4-54E64BC74D57}.Bulldozer (Release)|Mixed Platforms.ActiveCfg = Release|Any CPU
		{89141861-AB09-48B2-B7F4-54E64BC74D57}.Bulldozer (Release)|Mixed Platforms.Build.0 = Release|Any CPU
		{89141861-AB09-48B2-B7F4-54E64BC74D57}.Bulldozer (Release)|x86.ActiveCfg = Release|Any CPU
		{89141861-AB09-48B2-B7F4-54E64BC74D57}.Debug|Any CPU.ActiveCfg = Debug|Any CPU
		{89141861-AB09-48B2-B7F4-54E64BC74D57}.Debug|Any CPU.Build.0 = Debug|Any CPU
		{89141861-AB09-48B2-B7F4-54E64BC74D57}.Debug|Mixed Platforms.ActiveCfg = Debug|Any CPU
		{89141861-AB09-48B2-B7F4-54E64BC74D57}.Debug|Mixed Platforms.Build.0 = Debug|Any CPU
		{89141861-AB09-48B2-B7F4-54E64BC74D57}.Debug|x86.ActiveCfg = Debug|Any CPU
		{89141861-AB09-48B2-B7F4-54E64BC74D57}.FlowchartBuilder (Debug)|Any CPU.ActiveCfg = Debug|Any CPU
		{89141861-AB09-48B2-B7F4-54E64BC74D57}.FlowchartBuilder (Debug)|Any CPU.Build.0 = Debug|Any CPU
		{89141861-AB09-48B2-B7F4-54E64BC74D57}.FlowchartBuilder (Debug)|Mixed Platforms.ActiveCfg = Debug|Any CPU
		{89141861-AB09-48B2-B7F4-54E64BC74D57}.FlowchartBuilder (Debug)|Mixed Platforms.Build.0 = Debug|Any CPU
		{89141861-AB09-48B2-B7F4-54E64BC74D57}.FlowchartBuilder (Debug)|x86.ActiveCfg = Debug|Any CPU
		{89141861-AB09-48B2-B7F4-54E64BC74D57}.FlowchartBuilder (Release)|Any CPU.ActiveCfg = Release|Any CPU
		{89141861-AB09-48B2-B7F4-54E64BC74D57}.FlowchartBuilder (Release)|Any CPU.Build.0 = Release|Any CPU
		{89141861-AB09-48B2-B7F4-54E64BC74D57}.FlowchartBuilder (Release)|Mixed Platforms.ActiveCfg = Release|Any CPU
		{89141861-AB09-48B2-B7F4-54E64BC74D57}.FlowchartBuilder (Release)|Mixed Platforms.Build.0 = Release|Any CPU
		{89141861-AB09-48B2-B7F4-54E64BC74D57}.FlowchartBuilder (Release)|x86.ActiveCfg = Release|Any CPU
		{89141861-AB09-48B2-B7F4-54E64BC74D57}.Release|Any CPU.ActiveCfg = Release|Any CPU
		{89141861-AB09-48B2-B7F4-54E64BC74D57}.Release|Any CPU.Build.0 = Release|Any CPU
		{89141861-AB09-48B2-B7F4-54E64BC74D57}.Release|Mixed Platforms.ActiveCfg = Release|Any CPU
		{89141861-AB09-48B2-B7F4-54E64BC74D57}.Release|Mixed Platforms.Build.0 = Release|Any CPU
		{89141861-AB09-48B2-B7F4-54E64BC74D57}.Release|x86.ActiveCfg = Release|Any CPU
		{69A9BB26-59EB-4F7D-BE8E-CBD6D83FBD34}.Bulldozer (Debug)|Any CPU.ActiveCfg = Debug|Any CPU
		{69A9BB26-59EB-4F7D-BE8E-CBD6D83FBD34}.Bulldozer (Debug)|Any CPU.Build.0 = Debug|Any CPU
		{69A9BB26-59EB-4F7D-BE8E-CBD6D83FBD34}.Bulldozer (Debug)|Mixed Platforms.ActiveCfg = Debug|Any CPU
		{69A9BB26-59EB-4F7D-BE8E-CBD6D83FBD34}.Bulldozer (Debug)|Mixed Platforms.Build.0 = Debug|Any CPU
		{69A9BB26-59EB-4F7D-BE8E-CBD6D83FBD34}.Bulldozer (Debug)|x86.ActiveCfg = Debug|Any CPU
		{69A9BB26-59EB-4F7D-BE8E-CBD6D83FBD34}.Bulldozer (Release)|Any CPU.ActiveCfg = Release|Any CPU
		{69A9BB26-59EB-4F7D-BE8E-CBD6D83FBD34}.Bulldozer (Release)|Any CPU.Build.0 = Release|Any CPU
		{69A9BB26-59EB-4F7D-BE8E-CBD6D83FBD34}.Bulldozer (Release)|Mixed Platforms.ActiveCfg = Release|Any CPU
		{69A9BB26-59EB-4F7D-BE8E-CBD6D83FBD34}.Bulldozer (Release)|Mixed Platforms.Build.0 = Release|Any CPU
		{69A9BB26-59EB-4F7D-BE8E-CBD6D83FBD34}.Bulldozer (Release)|x86.ActiveCfg = Release|Any CPU
		{69A9BB26-59EB-4F7D-BE8E-CBD6D83FBD34}.Debug|Any CPU.ActiveCfg = Debug|Any CPU
		{69A9BB26-59EB-4F7D-BE8E-CBD6D83FBD34}.Debug|Any CPU.Build.0 = Debug|Any CPU
		{69A9BB26-59EB-4F7D-BE8E-CBD6D83FBD34}.Debug|Mixed Platforms.ActiveCfg = Debug|Any CPU
		{69A9BB26-59EB-4F7D-BE8E-CBD6D83FBD34}.Debug|Mixed Platforms.Build.0 = Debug|Any CPU
		{69A9BB26-59EB-4F7D-BE8E-CBD6D83FBD34}.Debug|x86.ActiveCfg = Debug|Any CPU
		{69A9BB26-59EB-4F7D-BE8E-CBD6D83FBD34}.FlowchartBuilder (Debug)|Any CPU.ActiveCfg = Debug|Any CPU
		{69A9BB26-59EB-4F7D-BE8E-CBD6D83FBD34}.FlowchartBuilder (Debug)|Any CPU.Build.0 = Debug|Any CPU
		{69A9BB26-59EB-4F7D-BE8E-CBD6D83FBD34}.FlowchartBuilder (Debug)|Mixed Platforms.ActiveCfg = Debug|Any CPU
		{69A9BB26-59EB-4F7D-BE8E-CBD6D83FBD34}.FlowchartBuilder (Debug)|Mixed Platforms.Build.0 = Debug|Any CPU
		{69A9BB26-59EB-4F7D-BE8E-CBD6D83FBD34}.FlowchartBuilder (Debug)|x86.ActiveCfg = Debug|Any CPU
		{69A9BB26-59EB-4F7D-BE8E-CBD6D83FBD34}.FlowchartBuilder (Release)|Any CPU.ActiveCfg = Release|Any CPU
		{69A9BB26-59EB-4F7D-BE8E-CBD6D83FBD34}.FlowchartBuilder (Release)|Any CPU.Build.0 = Release|Any CPU
		{69A9BB26-59EB-4F7D-BE8E-CBD6D83FBD34}.FlowchartBuilder (Release)|Mixed Platforms.ActiveCfg = Release|Any CPU
		{69A9BB26-59EB-4F7D-BE8E-CBD6D83FBD34}.FlowchartBuilder (Release)|Mixed Platforms.Build.0 = Release|Any CPU
		{69A9BB26-59EB-4F7D-BE8E-CBD6D83FBD34}.FlowchartBuilder (Release)|x86.ActiveCfg = Release|Any CPU
		{69A9BB26-59EB-4F7D-BE8E-CBD6D83FBD34}.Release|Any CPU.ActiveCfg = Release|Any CPU
		{69A9BB26-59EB-4F7D-BE8E-CBD6D83FBD34}.Release|Any CPU.Build.0 = Release|Any CPU
		{69A9BB26-59EB-4F7D-BE8E-CBD6D83FBD34}.Release|Mixed Platforms.ActiveCfg = Release|Any CPU
		{69A9BB26-59EB-4F7D-BE8E-CBD6D83FBD34}.Release|Mixed Platforms.Build.0 = Release|Any CPU
		{69A9BB26-59EB-4F7D-BE8E-CBD6D83FBD34}.Release|x86.ActiveCfg = Release|Any CPU
		{DD58B691-D561-4588-8D9F-9384845925D4}.Bulldozer (Debug)|Any CPU.ActiveCfg = Debug|Any CPU
		{DD58B691-D561-4588-8D9F-9384845925D4}.Bulldozer (Debug)|Any CPU.Build.0 = Debug|Any CPU
		{DD58B691-D561-4588-8D9F-9384845925D4}.Bulldozer (Debug)|Mixed Platforms.ActiveCfg = Debug|Any CPU
		{DD58B691-D561-4588-8D9F-9384845925D4}.Bulldozer (Debug)|Mixed Platforms.Build.0 = Debug|Any CPU
		{DD58B691-D561-4588-8D9F-9384845925D4}.Bulldozer (Debug)|x86.ActiveCfg = Debug|Any CPU
		{DD58B691-D561-4588-8D9F-9384845925D4}.Bulldozer (Release)|Any CPU.ActiveCfg = Release|Any CPU
		{DD58B691-D561-4588-8D9F-9384845925D4}.Bulldozer (Release)|Any CPU.Build.0 = Release|Any CPU
		{DD58B691-D561-4588-8D9F-9384845925D4}.Bulldozer (Release)|Mixed Platforms.ActiveCfg = Release|Any CPU
		{DD58B691-D561-4588-8D9F-9384845925D4}.Bulldozer (Release)|Mixed Platforms.Build.0 = Release|Any CPU
		{DD58B691-D561-4588-8D9F-9384845925D4}.Bulldozer (Release)|x86.ActiveCfg = Release|Any CPU
		{DD58B691-D561-4588-8D9F-9384845925D4}.Debug|Any CPU.ActiveCfg = Debug|Any CPU
		{DD58B691-D561-4588-8D9F-9384845925D4}.Debug|Any CPU.Build.0 = Debug|Any CPU
		{DD58B691-D561-4588-8D9F-9384845925D4}.Debug|Mixed Platforms.ActiveCfg = Debug|Any CPU
		{DD58B691-D561-4588-8D9F-9384845925D4}.Debug|Mixed Platforms.Build.0 = Debug|Any CPU
		{DD58B691-D561-4588-8D9F-9384845925D4}.Debug|x86.ActiveCfg = Debug|Any CPU
		{DD58B691-D561-4588-8D9F-9384845925D4}.FlowchartBuilder (Debug)|Any CPU.ActiveCfg = Debug|Any CPU
		{DD58B691-D561-4588-8D9F-9384845925D4}.FlowchartBuilder (Debug)|Any CPU.Build.0 = Debug|Any CPU
		{DD58B691-D561-4588-8D9F-9384845925D4}.FlowchartBuilder (Debug)|Mixed Platforms.ActiveCfg = Debug|Any CPU
		{DD58B691-D561-4588-8D9F-9384845925D4}.FlowchartBuilder (Debug)|Mixed Platforms.Build.0 = Debug|Any CPU
		{DD58B691-D561-4588-8D9F-9384845925D4}.FlowchartBuilder (Debug)|x86.ActiveCfg = Debug|Any CPU
		{DD58B691-D561-4588-8D9F-9384845925D4}.FlowchartBuilder (Release)|Any CPU.ActiveCfg = Release|Any CPU
		{DD58B691-D561-4588-8D9F-9384845925D4}.FlowchartBuilder (Release)|Any CPU.Build.0 = Release|Any CPU
		{DD58B691-D561-4588-8D9F-9384845925D4}.FlowchartBuilder (Release)|Mixed Platforms.ActiveCfg = Release|Any CPU
		{DD58B691-D561-4588-8D9F-9384845925D4}.FlowchartBuilder (Release)|Mixed Platforms.Build.0 = Release|Any CPU
		{DD58B691-D561-4588-8D9F-9384845925D4}.FlowchartBuilder (Release)|x86.ActiveCfg = Release|Any CPU
		{DD58B691-D561-4588-8D9F-9384845925D4}.Release|Any CPU.ActiveCfg = Release|Any CPU
		{DD58B691-D561-4588-8D9F-9384845925D4}.Release|Any CPU.Build.0 = Release|Any CPU
		{DD58B691-D561-4588-8D9F-9384845925D4}.Release|Mixed Platforms.ActiveCfg = Release|Any CPU
		{DD58B691-D561-4588-8D9F-9384845925D4}.Release|Mixed Platforms.Build.0 = Release|Any CPU
		{DD58B691-D561-4588-8D9F-9384845925D4}.Release|x86.ActiveCfg = Release|Any CPU
		{77DCBB42-8F08-4275-BFE2-0921CF49EF87}.Bulldozer (Debug)|Any CPU.ActiveCfg = Debug|x86
		{77DCBB42-8F08-4275-BFE2-0921CF49EF87}.Bulldozer (Debug)|Mixed Platforms.ActiveCfg = Debug|x86
		{77DCBB42-8F08-4275-BFE2-0921CF49EF87}.Bulldozer (Debug)|Mixed Platforms.Build.0 = Debug|x86
		{77DCBB42-8F08-4275-BFE2-0921CF49EF87}.Bulldozer (Debug)|x86.ActiveCfg = Debug|x86
		{77DCBB42-8F08-4275-BFE2-0921CF49EF87}.Bulldozer (Debug)|x86.Build.0 = Debug|x86
		{77DCBB42-8F08-4275-BFE2-0921CF49EF87}.Bulldozer (Release)|Any CPU.ActiveCfg = Release|x86
		{77DCBB42-8F08-4275-BFE2-0921CF49EF87}.Bulldozer (Release)|Mixed Platforms.ActiveCfg = Release|x86
		{77DCBB42-8F08-4275-BFE2-0921CF49EF87}.Bulldozer (Release)|Mixed Platforms.Build.0 = Release|x86
		{77DCBB42-8F08-4275-BFE2-0921CF49EF87}.Bulldozer (Release)|x86.ActiveCfg = Release|x86
		{77DCBB42-8F08-4275-BFE2-0921CF49EF87}.Bulldozer (Release)|x86.Build.0 = Release|x86
		{77DCBB42-8F08-4275-BFE2-0921CF49EF87}.Debug|Any CPU.ActiveCfg = Debug|x86
		{77DCBB42-8F08-4275-BFE2-0921CF49EF87}.Debug|Mixed Platforms.ActiveCfg = Debug|x86
		{77DCBB42-8F08-4275-BFE2-0921CF49EF87}.Debug|Mixed Platforms.Build.0 = Debug|x86
		{77DCBB42-8F08-4275-BFE2-0921CF49EF87}.Debug|x86.ActiveCfg = Debug|x86
		{77DCBB42-8F08-4275-BFE2-0921CF49EF87}.Debug|x86.Build.0 = Debug|x86
		{77DCBB42-8F08-4275-BFE2-0921CF49EF87}.FlowchartBuilder (Debug)|Any CPU.ActiveCfg = Debug|x86
		{77DCBB42-8F08-4275-BFE2-0921CF49EF87}.FlowchartBuilder (Debug)|Mixed Platforms.ActiveCfg = Debug|x86
		{77DCBB42-8F08-4275-BFE2-0921CF49EF87}.FlowchartBuilder (Debug)|Mixed Platforms.Build.0 = Debug|x86
		{77DCBB42-8F08-4275-BFE2-0921CF49EF87}.FlowchartBuilder (Debug)|x86.ActiveCfg = Debug|x86
		{77DCBB42-8F08-4275-BFE2-0921CF49EF87}.FlowchartBuilder (Debug)|x86.Build.0 = Debug|x86
		{77DCBB42-8F08-4275-BFE2-0921CF49EF87}.FlowchartBuilder (Release)|Any CPU.ActiveCfg = Release|x86
		{77DCBB42-8F08-4275-BFE2-0921CF49EF87}.FlowchartBuilder (Release)|Mixed Platforms.ActiveCfg = Release|x86
		{77DCBB42-8F08-4275-BFE2-0921CF49EF87}.FlowchartBuilder (Release)|Mixed Platforms.Build.0 = Release|x86
		{77DCBB42-8F08-4275-BFE2-0921CF49EF87}.FlowchartBuilder (Release)|x86.ActiveCfg = Release|x86
		{77DCBB42-8F08-4275-BFE2-0921CF49EF87}.FlowchartBuilder (Release)|x86.Build.0 = Release|x86
		{77DCBB42-8F08-4275-BFE2-0921CF49EF87}.Release|Any CPU.ActiveCfg = Release|x86
		{77DCBB42-8F08-4275-BFE2-0921CF49EF87}.Release|Mixed Platforms.ActiveCfg = Release|x86
		{77DCBB42-8F08-4275-BFE2-0921CF49EF87}.Release|Mixed Platforms.Build.0 = Release|x86
		{77DCBB42-8F08-4275-BFE2-0921CF49EF87}.Release|x86.ActiveCfg = Release|x86
		{77DCBB42-8F08-4275-BFE2-0921CF49EF87}.Release|x86.Build.0 = Release|x86
	EndGlobalSection
	GlobalSection(SolutionProperties) = preSolution
		HideSolutionNode = FALSE
	EndGlobalSection
	GlobalSection(NestedProjects) = preSolution
		{2D7812CF-39F7-4D13-9DE3-CE32E4A2C70F} = {038AF398-7DE9-4A8F-861C-F4205702744C}
		{5D628DFB-CCC1-4DEC-9465-DAD5D64AD19E} = {038AF398-7DE9-4A8F-861C-F4205702744C}
		{03B0F7CA-5F5F-45E2-BF02-A5ED5ED6BEDC} = {038AF398-7DE9-4A8F-861C-F4205702744C}
		{8AC3A206-EC4B-40EB-9398-19D8B6047F11} = {038AF398-7DE9-4A8F-861C-F4205702744C}
		{7DE301B9-E626-4851-BD64-527B9EC143BB} = {FDED5D11-0691-4CD4-900F-DBCC0192AC33}
		{683C3349-F8F4-49F4-9109-CD5D0D241312} = {FDED5D11-0691-4CD4-900F-DBCC0192AC33}
		{92DB27E7-B387-4222-9C37-9310E0E75749} = {FDED5D11-0691-4CD4-900F-DBCC0192AC33}
		{EC766392-0818-4EAB-8C32-124DD6117932} = {84607523-E454-48C7-9CF2-B18DDF34DB7C}
		{25C9D046-7DD9-4996-8CCD-41BF7B08B0AD} = {84607523-E454-48C7-9CF2-B18DDF34DB7C}
		{BF0B57AE-9EAB-4206-BF30-12AB352C87B3} = {84607523-E454-48C7-9CF2-B18DDF34DB7C}
		{753D2CE5-7041-49E1-9A94-907B27435EB6} = {84607523-E454-48C7-9CF2-B18DDF34DB7C}
		{89141861-AB09-48B2-B7F4-54E64BC74D57} = {84607523-E454-48C7-9CF2-B18DDF34DB7C}
		{69A9BB26-59EB-4F7D-BE8E-CBD6D83FBD34} = {84607523-E454-48C7-9CF2-B18DDF34DB7C}
		{DD58B691-D561-4588-8D9F-9384845925D4} = {84607523-E454-48C7-9CF2-B18DDF34DB7C}
		{77DCBB42-8F08-4275-BFE2-0921CF49EF87} = {84607523-E454-48C7-9CF2-B18DDF34DB7C}
	EndGlobalSection
EndGlobal
