
Microsoft Visual Studio Solution File, Format Version 11.00
# Visual Studio 2010
Project("{FAE04EC0-301F-11D3-BF4B-00C04F79EFBC}") = "Makarov.Game.Server", "Makarov.Game.Server\Makarov.Game.Server.csproj", "{A2A1B396-B774-434D-A220-E01B38CB3A38}"
EndProject
Project("{FAE04EC0-301F-11D3-BF4B-00C04F79EFBC}") = "Makarov.Game.Client", "Makarov.Game.Client\Makarov.Game.Client.csproj", "{E0AF32AD-FF06-4853-A423-70EC7F26B79C}"
EndProject
Project("{FAE04EC0-301F-11D3-BF4B-00C04F79EFBC}") = "Makarov.Framework.Launcher", "Makarov.Framework.Launcher\Makarov.Framework.Launcher.csproj", "{B49FC517-3D70-4D86-8DDC-5F3E555FD820}"
EndProject
Project("{FAE04EC0-301F-11D3-BF4B-00C04F79EFBC}") = "Makarov.Framework.Serialization", "Makarov.Framework.Serialization\Makarov.Framework.Serialization.csproj", "{DD58B691-D561-4588-8D9F-9384845925D4}"
EndProject
Project("{FAE04EC0-301F-11D3-BF4B-00C04F79EFBC}") = "Makarov.Framework.Math", "Makarov.Framework.Math\Makarov.Framework.Math.csproj", "{69A9BB26-59EB-4F7D-BE8E-CBD6D83FBD34}"
EndProject
Project("{FAE04EC0-301F-11D3-BF4B-00C04F79EFBC}") = "Makarov.Framework.Instance", "Makarov.Framework.Instance\Makarov.Framework.Instance.csproj", "{89141861-AB09-48B2-B7F4-54E64BC74D57}"
EndProject
Project("{FAE04EC0-301F-11D3-BF4B-00C04F79EFBC}") = "Makarov.Framework.Graphics", "Makarov.Framework.Graphics\Makarov.Framework.Graphics.csproj", "{753D2CE5-7041-49E1-9A94-907B27435EB6}"
EndProject
Project("{FAE04EC0-301F-11D3-BF4B-00C04F79EFBC}") = "Makarov.Framework.Core", "Makarov.Framework.Core\Makarov.Framework.Core.csproj", "{BF0B57AE-9EAB-4206-BF30-12AB352C87B3}"
EndProject
Project("{FAE04EC0-301F-11D3-BF4B-00C04F79EFBC}") = "Makarov.Framework.Components", "Makarov.Framework.Components\Makarov.Framework.Components.csproj", "{25C9D046-7DD9-4996-8CCD-41BF7B08B0AD}"
EndProject
Project("{FAE04EC0-301F-11D3-BF4B-00C04F79EFBC}") = "Makarov.Framework.Collections", "Makarov.Framework.Collections\Makarov.Framework.Collections.csproj", "{EC766392-0818-4EAB-8C32-124DD6117932}"
EndProject
Project("{FAE04EC0-301F-11D3-BF4B-00C04F79EFBC}") = "Makarov.Framework.Graphics.OpenGL", "Makarov.Framework.Graphics.OpenGL\Makarov.Framework.Graphics.OpenGL.csproj", "{E61960F5-0CA9-4CBC-A9E3-58B8A3937A96}"
EndProject
Global
	GlobalSection(SolutionConfigurationPlatforms) = preSolution
		Bulldozer (Debug)|Any CPU = Bulldozer (Debug)|Any CPU
		Bulldozer (Debug)|x86 = Bulldozer (Debug)|x86
		Bulldozer (Release)|Any CPU = Bulldozer (Release)|Any CPU
		Bulldozer (Release)|x86 = Bulldozer (Release)|x86
		Debug|Any CPU = Debug|Any CPU
		Debug|x86 = Debug|x86
		FlowchartBuilder (Debug)|Any CPU = FlowchartBuilder (Debug)|Any CPU
		FlowchartBuilder (Debug)|x86 = FlowchartBuilder (Debug)|x86
		FlowchartBuilder (Release)|Any CPU = FlowchartBuilder (Release)|Any CPU
		FlowchartBuilder (Release)|x86 = FlowchartBuilder (Release)|x86
		Release|Any CPU = Release|Any CPU
		Release|x86 = Release|x86
	EndGlobalSection
	GlobalSection(ProjectConfigurationPlatforms) = postSolution
		{A2A1B396-B774-434D-A220-E01B38CB3A38}.Bulldozer (Debug)|Any CPU.ActiveCfg = Debug|Any CPU
		{A2A1B396-B774-434D-A220-E01B38CB3A38}.Bulldozer (Debug)|Any CPU.Build.0 = Debug|Any CPU
		{A2A1B396-B774-434D-A220-E01B38CB3A38}.Bulldozer (Debug)|x86.ActiveCfg = Debug|Any CPU
		{A2A1B396-B774-434D-A220-E01B38CB3A38}.Bulldozer (Release)|Any CPU.ActiveCfg = Release|Any CPU
		{A2A1B396-B774-434D-A220-E01B38CB3A38}.Bulldozer (Release)|Any CPU.Build.0 = Release|Any CPU
		{A2A1B396-B774-434D-A220-E01B38CB3A38}.Bulldozer (Release)|x86.ActiveCfg = Release|Any CPU
		{A2A1B396-B774-434D-A220-E01B38CB3A38}.Debug|Any CPU.ActiveCfg = Debug|Any CPU
		{A2A1B396-B774-434D-A220-E01B38CB3A38}.Debug|Any CPU.Build.0 = Debug|Any CPU
		{A2A1B396-B774-434D-A220-E01B38CB3A38}.Debug|x86.ActiveCfg = Debug|x86
		{A2A1B396-B774-434D-A220-E01B38CB3A38}.Debug|x86.Build.0 = Debug|x86
		{A2A1B396-B774-434D-A220-E01B38CB3A38}.FlowchartBuilder (Debug)|Any CPU.ActiveCfg = Debug|Any CPU
		{A2A1B396-B774-434D-A220-E01B38CB3A38}.FlowchartBuilder (Debug)|Any CPU.Build.0 = Debug|Any CPU
		{A2A1B396-B774-434D-A220-E01B38CB3A38}.FlowchartBuilder (Debug)|x86.ActiveCfg = Debug|Any CPU
		{A2A1B396-B774-434D-A220-E01B38CB3A38}.FlowchartBuilder (Release)|Any CPU.ActiveCfg = Release|Any CPU
		{A2A1B396-B774-434D-A220-E01B38CB3A38}.FlowchartBuilder (Release)|Any CPU.Build.0 = Release|Any CPU
		{A2A1B396-B774-434D-A220-E01B38CB3A38}.FlowchartBuilder (Release)|x86.ActiveCfg = Release|Any CPU
		{A2A1B396-B774-434D-A220-E01B38CB3A38}.Release|Any CPU.ActiveCfg = Release|Any CPU
		{A2A1B396-B774-434D-A220-E01B38CB3A38}.Release|Any CPU.Build.0 = Release|Any CPU
		{A2A1B396-B774-434D-A220-E01B38CB3A38}.Release|x86.ActiveCfg = Release|x86
		{A2A1B396-B774-434D-A220-E01B38CB3A38}.Release|x86.Build.0 = Release|x86
		{E0AF32AD-FF06-4853-A423-70EC7F26B79C}.Bulldozer (Debug)|Any CPU.ActiveCfg = Debug|Any CPU
		{E0AF32AD-FF06-4853-A423-70EC7F26B79C}.Bulldozer (Debug)|Any CPU.Build.0 = Debug|Any CPU
		{E0AF32AD-FF06-4853-A423-70EC7F26B79C}.Bulldozer (Debug)|x86.ActiveCfg = Debug|Any CPU
		{E0AF32AD-FF06-4853-A423-70EC7F26B79C}.Bulldozer (Release)|Any CPU.ActiveCfg = Release|Any CPU
		{E0AF32AD-FF06-4853-A423-70EC7F26B79C}.Bulldozer (Release)|Any CPU.Build.0 = Release|Any CPU
		{E0AF32AD-FF06-4853-A423-70EC7F26B79C}.Bulldozer (Release)|x86.ActiveCfg = Release|Any CPU
		{E0AF32AD-FF06-4853-A423-70EC7F26B79C}.Debug|Any CPU.ActiveCfg = Debug|Any CPU
		{E0AF32AD-FF06-4853-A423-70EC7F26B79C}.Debug|Any CPU.Build.0 = Debug|Any CPU
		{E0AF32AD-FF06-4853-A423-70EC7F26B79C}.Debug|x86.ActiveCfg = Debug|x86
		{E0AF32AD-FF06-4853-A423-70EC7F26B79C}.Debug|x86.Build.0 = Debug|x86
		{E0AF32AD-FF06-4853-A423-70EC7F26B79C}.FlowchartBuilder (Debug)|Any CPU.ActiveCfg = Debug|Any CPU
		{E0AF32AD-FF06-4853-A423-70EC7F26B79C}.FlowchartBuilder (Debug)|Any CPU.Build.0 = Debug|Any CPU
		{E0AF32AD-FF06-4853-A423-70EC7F26B79C}.FlowchartBuilder (Debug)|x86.ActiveCfg = Debug|Any CPU
		{E0AF32AD-FF06-4853-A423-70EC7F26B79C}.FlowchartBuilder (Release)|Any CPU.ActiveCfg = Release|Any CPU
		{E0AF32AD-FF06-4853-A423-70EC7F26B79C}.FlowchartBuilder (Release)|Any CPU.Build.0 = Release|Any CPU
		{E0AF32AD-FF06-4853-A423-70EC7F26B79C}.FlowchartBuilder (Release)|x86.ActiveCfg = Release|Any CPU
		{E0AF32AD-FF06-4853-A423-70EC7F26B79C}.Release|Any CPU.ActiveCfg = Release|Any CPU
		{E0AF32AD-FF06-4853-A423-70EC7F26B79C}.Release|Any CPU.Build.0 = Release|Any CPU
		{E0AF32AD-FF06-4853-A423-70EC7F26B79C}.Release|x86.ActiveCfg = Release|x86
		{E0AF32AD-FF06-4853-A423-70EC7F26B79C}.Release|x86.Build.0 = Release|x86
		{B49FC517-3D70-4D86-8DDC-5F3E555FD820}.Bulldozer (Debug)|Any CPU.ActiveCfg = Debug|Any CPU
		{B49FC517-3D70-4D86-8DDC-5F3E555FD820}.Bulldozer (Debug)|Any CPU.Build.0 = Debug|Any CPU
		{B49FC517-3D70-4D86-8DDC-5F3E555FD820}.Bulldozer (Debug)|x86.ActiveCfg = Debug|Any CPU
		{B49FC517-3D70-4D86-8DDC-5F3E555FD820}.Bulldozer (Release)|Any CPU.ActiveCfg = Release|Any CPU
		{B49FC517-3D70-4D86-8DDC-5F3E555FD820}.Bulldozer (Release)|Any CPU.Build.0 = Release|Any CPU
		{B49FC517-3D70-4D86-8DDC-5F3E555FD820}.Bulldozer (Release)|x86.ActiveCfg = Release|Any CPU
		{B49FC517-3D70-4D86-8DDC-5F3E555FD820}.Debug|Any CPU.ActiveCfg = Debug|Any CPU
		{B49FC517-3D70-4D86-8DDC-5F3E555FD820}.Debug|Any CPU.Build.0 = Debug|Any CPU
		{B49FC517-3D70-4D86-8DDC-5F3E555FD820}.Debug|x86.ActiveCfg = Debug|x86
		{B49FC517-3D70-4D86-8DDC-5F3E555FD820}.Debug|x86.Build.0 = Debug|x86
		{B49FC517-3D70-4D86-8DDC-5F3E555FD820}.FlowchartBuilder (Debug)|Any CPU.ActiveCfg = Debug|Any CPU
		{B49FC517-3D70-4D86-8DDC-5F3E555FD820}.FlowchartBuilder (Debug)|Any CPU.Build.0 = Debug|Any CPU
		{B49FC517-3D70-4D86-8DDC-5F3E555FD820}.FlowchartBuilder (Debug)|x86.ActiveCfg = Debug|Any CPU
		{B49FC517-3D70-4D86-8DDC-5F3E555FD820}.FlowchartBuilder (Release)|Any CPU.ActiveCfg = Release|Any CPU
		{B49FC517-3D70-4D86-8DDC-5F3E555FD820}.FlowchartBuilder (Release)|Any CPU.Build.0 = Release|Any CPU
		{B49FC517-3D70-4D86-8DDC-5F3E555FD820}.FlowchartBuilder (Release)|x86.ActiveCfg = Release|Any CPU
		{B49FC517-3D70-4D86-8DDC-5F3E555FD820}.Release|Any CPU.ActiveCfg = Release|Any CPU
		{B49FC517-3D70-4D86-8DDC-5F3E555FD820}.Release|Any CPU.Build.0 = Release|Any CPU
		{B49FC517-3D70-4D86-8DDC-5F3E555FD820}.Release|x86.ActiveCfg = Release|x86
		{B49FC517-3D70-4D86-8DDC-5F3E555FD820}.Release|x86.Build.0 = Release|x86
		{DD58B691-D561-4588-8D9F-9384845925D4}.Bulldozer (Debug)|Any CPU.ActiveCfg = Debug|Any CPU
		{DD58B691-D561-4588-8D9F-9384845925D4}.Bulldozer (Debug)|Any CPU.Build.0 = Debug|Any CPU
		{DD58B691-D561-4588-8D9F-9384845925D4}.Bulldozer (Debug)|x86.ActiveCfg = Debug|Any CPU
		{DD58B691-D561-4588-8D9F-9384845925D4}.Bulldozer (Release)|Any CPU.ActiveCfg = Release|Any CPU
		{DD58B691-D561-4588-8D9F-9384845925D4}.Bulldozer (Release)|Any CPU.Build.0 = Release|Any CPU
		{DD58B691-D561-4588-8D9F-9384845925D4}.Bulldozer (Release)|x86.ActiveCfg = Release|Any CPU
		{DD58B691-D561-4588-8D9F-9384845925D4}.Debug|Any CPU.ActiveCfg = Debug|Any CPU
		{DD58B691-D561-4588-8D9F-9384845925D4}.Debug|Any CPU.Build.0 = Debug|Any CPU
		{DD58B691-D561-4588-8D9F-9384845925D4}.Debug|x86.ActiveCfg = Debug|Any CPU
		{DD58B691-D561-4588-8D9F-9384845925D4}.FlowchartBuilder (Debug)|Any CPU.ActiveCfg = Debug|Any CPU
		{DD58B691-D561-4588-8D9F-9384845925D4}.FlowchartBuilder (Debug)|Any CPU.Build.0 = Debug|Any CPU
		{DD58B691-D561-4588-8D9F-9384845925D4}.FlowchartBuilder (Debug)|x86.ActiveCfg = Debug|Any CPU
		{DD58B691-D561-4588-8D9F-9384845925D4}.FlowchartBuilder (Release)|Any CPU.ActiveCfg = Release|Any CPU
		{DD58B691-D561-4588-8D9F-9384845925D4}.FlowchartBuilder (Release)|Any CPU.Build.0 = Release|Any CPU
		{DD58B691-D561-4588-8D9F-9384845925D4}.FlowchartBuilder (Release)|x86.ActiveCfg = Release|Any CPU
		{DD58B691-D561-4588-8D9F-9384845925D4}.Release|Any CPU.ActiveCfg = Release|Any CPU
		{DD58B691-D561-4588-8D9F-9384845925D4}.Release|Any CPU.Build.0 = Release|Any CPU
		{DD58B691-D561-4588-8D9F-9384845925D4}.Release|x86.ActiveCfg = Release|Any CPU
		{69A9BB26-59EB-4F7D-BE8E-CBD6D83FBD34}.Bulldozer (Debug)|Any CPU.ActiveCfg = Debug|Any CPU
		{69A9BB26-59EB-4F7D-BE8E-CBD6D83FBD34}.Bulldozer (Debug)|Any CPU.Build.0 = Debug|Any CPU
		{69A9BB26-59EB-4F7D-BE8E-CBD6D83FBD34}.Bulldozer (Debug)|x86.ActiveCfg = Debug|Any CPU
		{69A9BB26-59EB-4F7D-BE8E-CBD6D83FBD34}.Bulldozer (Release)|Any CPU.ActiveCfg = Release|Any CPU
		{69A9BB26-59EB-4F7D-BE8E-CBD6D83FBD34}.Bulldozer (Release)|Any CPU.Build.0 = Release|Any CPU
		{69A9BB26-59EB-4F7D-BE8E-CBD6D83FBD34}.Bulldozer (Release)|x86.ActiveCfg = Release|Any CPU
		{69A9BB26-59EB-4F7D-BE8E-CBD6D83FBD34}.Debug|Any CPU.ActiveCfg = Debug|Any CPU
		{69A9BB26-59EB-4F7D-BE8E-CBD6D83FBD34}.Debug|Any CPU.Build.0 = Debug|Any CPU
		{69A9BB26-59EB-4F7D-BE8E-CBD6D83FBD34}.Debug|x86.ActiveCfg = Debug|Any CPU
		{69A9BB26-59EB-4F7D-BE8E-CBD6D83FBD34}.FlowchartBuilder (Debug)|Any CPU.ActiveCfg = Debug|Any CPU
		{69A9BB26-59EB-4F7D-BE8E-CBD6D83FBD34}.FlowchartBuilder (Debug)|Any CPU.Build.0 = Debug|Any CPU
		{69A9BB26-59EB-4F7D-BE8E-CBD6D83FBD34}.FlowchartBuilder (Debug)|x86.ActiveCfg = Debug|Any CPU
		{69A9BB26-59EB-4F7D-BE8E-CBD6D83FBD34}.FlowchartBuilder (Release)|Any CPU.ActiveCfg = Release|Any CPU
		{69A9BB26-59EB-4F7D-BE8E-CBD6D83FBD34}.FlowchartBuilder (Release)|Any CPU.Build.0 = Release|Any CPU
		{69A9BB26-59EB-4F7D-BE8E-CBD6D83FBD34}.FlowchartBuilder (Release)|x86.ActiveCfg = Release|Any CPU
		{69A9BB26-59EB-4F7D-BE8E-CBD6D83FBD34}.Release|Any CPU.ActiveCfg = Release|Any CPU
		{69A9BB26-59EB-4F7D-BE8E-CBD6D83FBD34}.Release|Any CPU.Build.0 = Release|Any CPU
		{69A9BB26-59EB-4F7D-BE8E-CBD6D83FBD34}.Release|x86.ActiveCfg = Release|Any CPU
		{89141861-AB09-48B2-B7F4-54E64BC74D57}.Bulldozer (Debug)|Any CPU.ActiveCfg = Debug|Any CPU
		{89141861-AB09-48B2-B7F4-54E64BC74D57}.Bulldozer (Debug)|Any CPU.Build.0 = Debug|Any CPU
		{89141861-AB09-48B2-B7F4-54E64BC74D57}.Bulldozer (Debug)|x86.ActiveCfg = Debug|Any CPU
		{89141861-AB09-48B2-B7F4-54E64BC74D57}.Bulldozer (Release)|Any CPU.ActiveCfg = Release|Any CPU
		{89141861-AB09-48B2-B7F4-54E64BC74D57}.Bulldozer (Release)|Any CPU.Build.0 = Release|Any CPU
		{89141861-AB09-48B2-B7F4-54E64BC74D57}.Bulldozer (Release)|x86.ActiveCfg = Release|Any CPU
		{89141861-AB09-48B2-B7F4-54E64BC74D57}.Debug|Any CPU.ActiveCfg = Debug|Any CPU
		{89141861-AB09-48B2-B7F4-54E64BC74D57}.Debug|Any CPU.Build.0 = Debug|Any CPU
		{89141861-AB09-48B2-B7F4-54E64BC74D57}.Debug|x86.ActiveCfg = Debug|Any CPU
		{89141861-AB09-48B2-B7F4-54E64BC74D57}.FlowchartBuilder (Debug)|Any CPU.ActiveCfg = Debug|Any CPU
		{89141861-AB09-48B2-B7F4-54E64BC74D57}.FlowchartBuilder (Debug)|Any CPU.Build.0 = Debug|Any CPU
		{89141861-AB09-48B2-B7F4-54E64BC74D57}.FlowchartBuilder (Debug)|x86.ActiveCfg = Debug|Any CPU
		{89141861-AB09-48B2-B7F4-54E64BC74D57}.FlowchartBuilder (Release)|Any CPU.ActiveCfg = Release|Any CPU
		{89141861-AB09-48B2-B7F4-54E64BC74D57}.FlowchartBuilder (Release)|Any CPU.Build.0 = Release|Any CPU
		{89141861-AB09-48B2-B7F4-54E64BC74D57}.FlowchartBuilder (Release)|x86.ActiveCfg = Release|Any CPU
		{89141861-AB09-48B2-B7F4-54E64BC74D57}.Release|Any CPU.ActiveCfg = Release|Any CPU
		{89141861-AB09-48B2-B7F4-54E64BC74D57}.Release|Any CPU.Build.0 = Release|Any CPU
		{89141861-AB09-48B2-B7F4-54E64BC74D57}.Release|x86.ActiveCfg = Release|Any CPU
		{753D2CE5-7041-49E1-9A94-907B27435EB6}.Bulldozer (Debug)|Any CPU.ActiveCfg = Debug|Any CPU
		{753D2CE5-7041-49E1-9A94-907B27435EB6}.Bulldozer (Debug)|Any CPU.Build.0 = Debug|Any CPU
		{753D2CE5-7041-49E1-9A94-907B27435EB6}.Bulldozer (Debug)|x86.ActiveCfg = Debug|Any CPU
		{753D2CE5-7041-49E1-9A94-907B27435EB6}.Bulldozer (Release)|Any CPU.ActiveCfg = Release|Any CPU
		{753D2CE5-7041-49E1-9A94-907B27435EB6}.Bulldozer (Release)|Any CPU.Build.0 = Release|Any CPU
		{753D2CE5-7041-49E1-9A94-907B27435EB6}.Bulldozer (Release)|x86.ActiveCfg = Release|Any CPU
		{753D2CE5-7041-49E1-9A94-907B27435EB6}.Debug|Any CPU.ActiveCfg = Debug|Any CPU
		{753D2CE5-7041-49E1-9A94-907B27435EB6}.Debug|Any CPU.Build.0 = Debug|Any CPU
		{753D2CE5-7041-49E1-9A94-907B27435EB6}.Debug|x86.ActiveCfg = Debug|Any CPU
		{753D2CE5-7041-49E1-9A94-907B27435EB6}.FlowchartBuilder (Debug)|Any CPU.ActiveCfg = Debug|Any CPU
		{753D2CE5-7041-49E1-9A94-907B27435EB6}.FlowchartBuilder (Debug)|Any CPU.Build.0 = Debug|Any CPU
		{753D2CE5-7041-49E1-9A94-907B27435EB6}.FlowchartBuilder (Debug)|x86.ActiveCfg = Debug|Any CPU
		{753D2CE5-7041-49E1-9A94-907B27435EB6}.FlowchartBuilder (Release)|Any CPU.ActiveCfg = Release|Any CPU
		{753D2CE5-7041-49E1-9A94-907B27435EB6}.FlowchartBuilder (Release)|Any CPU.Build.0 = Release|Any CPU
		{753D2CE5-7041-49E1-9A94-907B27435EB6}.FlowchartBuilder (Release)|x86.ActiveCfg = Release|Any CPU
		{753D2CE5-7041-49E1-9A94-907B27435EB6}.Release|Any CPU.ActiveCfg = Release|Any CPU
		{753D2CE5-7041-49E1-9A94-907B27435EB6}.Release|Any CPU.Build.0 = Release|Any CPU
		{753D2CE5-7041-49E1-9A94-907B27435EB6}.Release|x86.ActiveCfg = Release|Any CPU
		{BF0B57AE-9EAB-4206-BF30-12AB352C87B3}.Bulldozer (Debug)|Any CPU.ActiveCfg = Bulldozer (Debug)|Any CPU
		{BF0B57AE-9EAB-4206-BF30-12AB352C87B3}.Bulldozer (Debug)|Any CPU.Build.0 = Bulldozer (Debug)|Any CPU
		{BF0B57AE-9EAB-4206-BF30-12AB352C87B3}.Bulldozer (Debug)|x86.ActiveCfg = Bulldozer (Debug)|Any CPU
		{BF0B57AE-9EAB-4206-BF30-12AB352C87B3}.Bulldozer (Release)|Any CPU.ActiveCfg = Bulldozer (Release)|Any CPU
		{BF0B57AE-9EAB-4206-BF30-12AB352C87B3}.Bulldozer (Release)|Any CPU.Build.0 = Bulldozer (Release)|Any CPU
		{BF0B57AE-9EAB-4206-BF30-12AB352C87B3}.Bulldozer (Release)|x86.ActiveCfg = Bulldozer (Release)|Any CPU
		{BF0B57AE-9EAB-4206-BF30-12AB352C87B3}.Debug|Any CPU.ActiveCfg = Debug|Any CPU
		{BF0B57AE-9EAB-4206-BF30-12AB352C87B3}.Debug|Any CPU.Build.0 = Debug|Any CPU
		{BF0B57AE-9EAB-4206-BF30-12AB352C87B3}.Debug|x86.ActiveCfg = Debug|Any CPU
		{BF0B57AE-9EAB-4206-BF30-12AB352C87B3}.FlowchartBuilder (Debug)|Any CPU.ActiveCfg = FlowchartBuilder (Debug)|Any CPU
		{BF0B57AE-9EAB-4206-BF30-12AB352C87B3}.FlowchartBuilder (Debug)|Any CPU.Build.0 = FlowchartBuilder (Debug)|Any CPU
		{BF0B57AE-9EAB-4206-BF30-12AB352C87B3}.FlowchartBuilder (Debug)|x86.ActiveCfg = FlowchartBuilder (Debug)|Any CPU
		{BF0B57AE-9EAB-4206-BF30-12AB352C87B3}.FlowchartBuilder (Release)|Any CPU.ActiveCfg = FlowchartBuilder (Release)|Any CPU
		{BF0B57AE-9EAB-4206-BF30-12AB352C87B3}.FlowchartBuilder (Release)|Any CPU.Build.0 = FlowchartBuilder (Release)|Any CPU
		{BF0B57AE-9EAB-4206-BF30-12AB352C87B3}.FlowchartBuilder (Release)|x86.ActiveCfg = FlowchartBuilder (Release)|Any CPU
		{BF0B57AE-9EAB-4206-BF30-12AB352C87B3}.Release|Any CPU.ActiveCfg = Release|Any CPU
		{BF0B57AE-9EAB-4206-BF30-12AB352C87B3}.Release|Any CPU.Build.0 = Release|Any CPU
		{BF0B57AE-9EAB-4206-BF30-12AB352C87B3}.Release|x86.ActiveCfg = Release|Any CPU
		{25C9D046-7DD9-4996-8CCD-41BF7B08B0AD}.Bulldozer (Debug)|Any CPU.ActiveCfg = Debug|Any CPU
		{25C9D046-7DD9-4996-8CCD-41BF7B08B0AD}.Bulldozer (Debug)|Any CPU.Build.0 = Debug|Any CPU
		{25C9D046-7DD9-4996-8CCD-41BF7B08B0AD}.Bulldozer (Debug)|x86.ActiveCfg = Debug|Any CPU
		{25C9D046-7DD9-4996-8CCD-41BF7B08B0AD}.Bulldozer (Release)|Any CPU.ActiveCfg = Release|Any CPU
		{25C9D046-7DD9-4996-8CCD-41BF7B08B0AD}.Bulldozer (Release)|Any CPU.Build.0 = Release|Any CPU
		{25C9D046-7DD9-4996-8CCD-41BF7B08B0AD}.Bulldozer (Release)|x86.ActiveCfg = Release|Any CPU
		{25C9D046-7DD9-4996-8CCD-41BF7B08B0AD}.Debug|Any CPU.ActiveCfg = Debug|Any CPU
		{25C9D046-7DD9-4996-8CCD-41BF7B08B0AD}.Debug|Any CPU.Build.0 = Debug|Any CPU
		{25C9D046-7DD9-4996-8CCD-41BF7B08B0AD}.Debug|x86.ActiveCfg = Debug|Any CPU
		{25C9D046-7DD9-4996-8CCD-41BF7B08B0AD}.FlowchartBuilder (Debug)|Any CPU.ActiveCfg = Debug|Any CPU
		{25C9D046-7DD9-4996-8CCD-41BF7B08B0AD}.FlowchartBuilder (Debug)|Any CPU.Build.0 = Debug|Any CPU
		{25C9D046-7DD9-4996-8CCD-41BF7B08B0AD}.FlowchartBuilder (Debug)|x86.ActiveCfg = Debug|Any CPU
		{25C9D046-7DD9-4996-8CCD-41BF7B08B0AD}.FlowchartBuilder (Release)|Any CPU.ActiveCfg = Release|Any CPU
		{25C9D046-7DD9-4996-8CCD-41BF7B08B0AD}.FlowchartBuilder (Release)|Any CPU.Build.0 = Release|Any CPU
		{25C9D046-7DD9-4996-8CCD-41BF7B08B0AD}.FlowchartBuilder (Release)|x86.ActiveCfg = Release|Any CPU
		{25C9D046-7DD9-4996-8CCD-41BF7B08B0AD}.Release|Any CPU.ActiveCfg = Release|Any CPU
		{25C9D046-7DD9-4996-8CCD-41BF7B08B0AD}.Release|Any CPU.Build.0 = Release|Any CPU
		{25C9D046-7DD9-4996-8CCD-41BF7B08B0AD}.Release|x86.ActiveCfg = Release|Any CPU
		{EC766392-0818-4EAB-8C32-124DD6117932}.Bulldozer (Debug)|Any CPU.ActiveCfg = Debug|Any CPU
		{EC766392-0818-4EAB-8C32-124DD6117932}.Bulldozer (Debug)|Any CPU.Build.0 = Debug|Any CPU
		{EC766392-0818-4EAB-8C32-124DD6117932}.Bulldozer (Debug)|x86.ActiveCfg = Debug|Any CPU
		{EC766392-0818-4EAB-8C32-124DD6117932}.Bulldozer (Release)|Any CPU.ActiveCfg = Release|Any CPU
		{EC766392-0818-4EAB-8C32-124DD6117932}.Bulldozer (Release)|Any CPU.Build.0 = Release|Any CPU
		{EC766392-0818-4EAB-8C32-124DD6117932}.Bulldozer (Release)|x86.ActiveCfg = Release|Any CPU
		{EC766392-0818-4EAB-8C32-124DD6117932}.Debug|Any CPU.ActiveCfg = Debug|Any CPU
		{EC766392-0818-4EAB-8C32-124DD6117932}.Debug|Any CPU.Build.0 = Debug|Any CPU
		{EC766392-0818-4EAB-8C32-124DD6117932}.Debug|x86.ActiveCfg = Debug|Any CPU
		{EC766392-0818-4EAB-8C32-124DD6117932}.FlowchartBuilder (Debug)|Any CPU.ActiveCfg = Debug|Any CPU
		{EC766392-0818-4EAB-8C32-124DD6117932}.FlowchartBuilder (Debug)|Any CPU.Build.0 = Debug|Any CPU
		{EC766392-0818-4EAB-8C32-124DD6117932}.FlowchartBuilder (Debug)|x86.ActiveCfg = Debug|Any CPU
		{EC766392-0818-4EAB-8C32-124DD6117932}.FlowchartBuilder (Release)|Any CPU.ActiveCfg = Release|Any CPU
		{EC766392-0818-4EAB-8C32-124DD6117932}.FlowchartBuilder (Release)|Any CPU.Build.0 = Release|Any CPU
		{EC766392-0818-4EAB-8C32-124DD6117932}.FlowchartBuilder (Release)|x86.ActiveCfg = Release|Any CPU
		{EC766392-0818-4EAB-8C32-124DD6117932}.Release|Any CPU.ActiveCfg = Release|Any CPU
		{EC766392-0818-4EAB-8C32-124DD6117932}.Release|Any CPU.Build.0 = Release|Any CPU
		{EC766392-0818-4EAB-8C32-124DD6117932}.Release|x86.ActiveCfg = Release|Any CPU
		{E61960F5-0CA9-4CBC-A9E3-58B8A3937A96}.Bulldozer (Debug)|Any CPU.ActiveCfg = Debug|Any CPU
		{E61960F5-0CA9-4CBC-A9E3-58B8A3937A96}.Bulldozer (Debug)|Any CPU.Build.0 = Debug|Any CPU
		{E61960F5-0CA9-4CBC-A9E3-58B8A3937A96}.Bulldozer (Debug)|x86.ActiveCfg = Debug|Any CPU
		{E61960F5-0CA9-4CBC-A9E3-58B8A3937A96}.Bulldozer (Release)|Any CPU.ActiveCfg = Release|Any CPU
		{E61960F5-0CA9-4CBC-A9E3-58B8A3937A96}.Bulldozer (Release)|Any CPU.Build.0 = Release|Any CPU
		{E61960F5-0CA9-4CBC-A9E3-58B8A3937A96}.Bulldozer (Release)|x86.ActiveCfg = Release|Any CPU
		{E61960F5-0CA9-4CBC-A9E3-58B8A3937A96}.Debug|Any CPU.ActiveCfg = Debug|Any CPU
		{E61960F5-0CA9-4CBC-A9E3-58B8A3937A96}.Debug|Any CPU.Build.0 = Debug|Any CPU
		{E61960F5-0CA9-4CBC-A9E3-58B8A3937A96}.Debug|x86.ActiveCfg = Debug|Any CPU
		{E61960F5-0CA9-4CBC-A9E3-58B8A3937A96}.FlowchartBuilder (Debug)|Any CPU.ActiveCfg = Debug|Any CPU
		{E61960F5-0CA9-4CBC-A9E3-58B8A3937A96}.FlowchartBuilder (Debug)|Any CPU.Build.0 = Debug|Any CPU
		{E61960F5-0CA9-4CBC-A9E3-58B8A3937A96}.FlowchartBuilder (Debug)|x86.ActiveCfg = Debug|Any CPU
		{E61960F5-0CA9-4CBC-A9E3-58B8A3937A96}.FlowchartBuilder (Release)|Any CPU.ActiveCfg = Release|Any CPU
		{E61960F5-0CA9-4CBC-A9E3-58B8A3937A96}.FlowchartBuilder (Release)|Any CPU.Build.0 = Release|Any CPU
		{E61960F5-0CA9-4CBC-A9E3-58B8A3937A96}.FlowchartBuilder (Release)|x86.ActiveCfg = Release|Any CPU
		{E61960F5-0CA9-4CBC-A9E3-58B8A3937A96}.Release|Any CPU.ActiveCfg = Release|Any CPU
		{E61960F5-0CA9-4CBC-A9E3-58B8A3937A96}.Release|Any CPU.Build.0 = Release|Any CPU
		{E61960F5-0CA9-4CBC-A9E3-58B8A3937A96}.Release|x86.ActiveCfg = Release|Any CPU
	EndGlobalSection
	GlobalSection(SolutionProperties) = preSolution
		HideSolutionNode = FALSE
	EndGlobalSection
EndGlobal
